// !$*UTF8*$!
{
	archiveVersion = 1;
	classes = {
	};
	objectVersion = 46;
	objects = {

/* Begin PBXBuildFile section */
		739824551E93DA8D005E6B14 /* bzip2.c in Sources */ = {isa = PBXBuildFile; fileRef = 739823D21E93DA8D005E6B14 /* bzip2.c */; };
		739824561E93DA8D005E6B14 /* creator.c in Sources */ = {isa = PBXBuildFile; fileRef = 739823DD1E93DA8D005E6B14 /* creator.c */; };
		739824571E93DA8D005E6B14 /* crypto.c in Sources */ = {isa = PBXBuildFile; fileRef = 739823DE1E93DA8D005E6B14 /* crypto.c */; };
		739824581E93DA8D005E6B14 /* csw.c in Sources */ = {isa = PBXBuildFile; fileRef = 739823DF1E93DA8D005E6B14 /* csw.c */; };
		739824591E93DA8D005E6B14 /* dck.c in Sources */ = {isa = PBXBuildFile; fileRef = 739823E01E93DA8D005E6B14 /* dck.c */; };
		7398245B1E93DA8D005E6B14 /* ide.c in Sources */ = {isa = PBXBuildFile; fileRef = 739823E91E93DA8D005E6B14 /* ide.c */; };
		7398245C1E93DA8D005E6B14 /* libspectrum.c in Sources */ = {isa = PBXBuildFile; fileRef = 739823EC1E93DA8D005E6B14 /* libspectrum.c */; };
		7398245D1E93DA8D005E6B14 /* make-perl.c in Sources */ = {isa = PBXBuildFile; fileRef = 739823FD1E93DA8D005E6B14 /* make-perl.c */; };
		7398245F1E93DA8D005E6B14 /* memory.c in Sources */ = {isa = PBXBuildFile; fileRef = 739824011E93DA8D005E6B14 /* memory.c */; };
		739824601E93DA8D005E6B14 /* microdrive.c in Sources */ = {isa = PBXBuildFile; fileRef = 739824021E93DA8D005E6B14 /* microdrive.c */; };
		739824611E93DA8D005E6B14 /* garray.c in Sources */ = {isa = PBXBuildFile; fileRef = 7398240A1E93DA8D005E6B14 /* garray.c */; };
		739824621E93DA8D005E6B14 /* ghash.c in Sources */ = {isa = PBXBuildFile; fileRef = 7398240B1E93DA8D005E6B14 /* ghash.c */; };
		739824631E93DA8D005E6B14 /* glock.c in Sources */ = {isa = PBXBuildFile; fileRef = 7398240C1E93DA8D005E6B14 /* glock.c */; };
		739824641E93DA8D005E6B14 /* gslist.c in Sources */ = {isa = PBXBuildFile; fileRef = 7398240D1E93DA8D005E6B14 /* gslist.c */; };
		739824651E93DA8D005E6B14 /* plusd.c in Sources */ = {isa = PBXBuildFile; fileRef = 7398240F1E93DA8D005E6B14 /* plusd.c */; };
		739824661E93DA8D005E6B14 /* pzx_read.c in Sources */ = {isa = PBXBuildFile; fileRef = 739824101E93DA8D005E6B14 /* pzx_read.c */; };
		739824671E93DA8D005E6B14 /* rzx.c in Sources */ = {isa = PBXBuildFile; fileRef = 739824121E93DA8D005E6B14 /* rzx.c */; };
		739824681E93DA8D005E6B14 /* sna.c in Sources */ = {isa = PBXBuildFile; fileRef = 739824131E93DA8D005E6B14 /* sna.c */; };
		739824691E93DA8D005E6B14 /* snap_accessors.c in Sources */ = {isa = PBXBuildFile; fileRef = 739824141E93DA8D005E6B14 /* snap_accessors.c */; };
		7398246A1E93DA8D005E6B14 /* snapshot.c in Sources */ = {isa = PBXBuildFile; fileRef = 739824161E93DA8D005E6B14 /* snapshot.c */; };
		7398246B1E93DA8D005E6B14 /* snp.c in Sources */ = {isa = PBXBuildFile; fileRef = 739824171E93DA8D005E6B14 /* snp.c */; };
		7398246C1E93DA8D005E6B14 /* sp.c in Sources */ = {isa = PBXBuildFile; fileRef = 739824181E93DA8D005E6B14 /* sp.c */; };
		7398246D1E93DA8D005E6B14 /* symbol_table.c in Sources */ = {isa = PBXBuildFile; fileRef = 7398241A1E93DA8D005E6B14 /* symbol_table.c */; };
		7398246E1E93DA8D005E6B14 /* szx.c in Sources */ = {isa = PBXBuildFile; fileRef = 7398241B1E93DA8D005E6B14 /* szx.c */; };
		7398246F1E93DA8D005E6B14 /* tap.c in Sources */ = {isa = PBXBuildFile; fileRef = 7398241C1E93DA8D005E6B14 /* tap.c */; };
		739824701E93DA8D005E6B14 /* tape_accessors.c in Sources */ = {isa = PBXBuildFile; fileRef = 7398241D1E93DA8D005E6B14 /* tape_accessors.c */; };
		739824711E93DA8D005E6B14 /* tape_block.c in Sources */ = {isa = PBXBuildFile; fileRef = 739824201E93DA8D005E6B14 /* tape_block.c */; };
		739824721E93DA8D005E6B14 /* tape_set.c in Sources */ = {isa = PBXBuildFile; fileRef = 739824221E93DA8D005E6B14 /* tape_set.c */; };
		739824731E93DA8D005E6B14 /* tape.c in Sources */ = {isa = PBXBuildFile; fileRef = 739824241E93DA8D005E6B14 /* tape.c */; };
		739824771E93DA8D005E6B14 /* timings.c in Sources */ = {isa = PBXBuildFile; fileRef = 739824481E93DA8D005E6B14 /* timings.c */; };
		739824781E93DA8D005E6B14 /* tzx_read.c in Sources */ = {isa = PBXBuildFile; fileRef = 739824491E93DA8D005E6B14 /* tzx_read.c */; };
		739824791E93DA8D005E6B14 /* tzx_write.c in Sources */ = {isa = PBXBuildFile; fileRef = 7398244A1E93DA8D005E6B14 /* tzx_write.c */; };
		7398247A1E93DA8D005E6B14 /* utilities.c in Sources */ = {isa = PBXBuildFile; fileRef = 7398244B1E93DA8D005E6B14 /* utilities.c */; };
		7398247B1E93DA8D005E6B14 /* warajevo_read.c in Sources */ = {isa = PBXBuildFile; fileRef = 7398244C1E93DA8D005E6B14 /* warajevo_read.c */; };
		7398247C1E93DA8D005E6B14 /* wav.c in Sources */ = {isa = PBXBuildFile; fileRef = 7398244D1E93DA8D005E6B14 /* wav.c */; };
		7398247D1E93DA8D005E6B14 /* z80.c in Sources */ = {isa = PBXBuildFile; fileRef = 7398244F1E93DA8D005E6B14 /* z80.c */; };
		7398247E1E93DA8D005E6B14 /* z80em.c in Sources */ = {isa = PBXBuildFile; fileRef = 739824501E93DA8D005E6B14 /* z80em.c */; };
		7398247F1E93DA8D005E6B14 /* zip.c in Sources */ = {isa = PBXBuildFile; fileRef = 739824511E93DA8D005E6B14 /* zip.c */; };
		739824801E93DA8D005E6B14 /* zlib.c in Sources */ = {isa = PBXBuildFile; fileRef = 739824531E93DA8D005E6B14 /* zlib.c */; };
		739824811E93DA8D005E6B14 /* zxs.c in Sources */ = {isa = PBXBuildFile; fileRef = 739824541E93DA8D005E6B14 /* zxs.c */; };
		739824DC1E9511C9005E6B14 /* aes.c in Sources */ = {isa = PBXBuildFile; fileRef = 739824871E9511C8005E6B14 /* aes.c */; };
		739824DD1E9511C9005E6B14 /* af_vfs.c in Sources */ = {isa = PBXBuildFile; fileRef = 739824881E9511C8005E6B14 /* af_vfs.c */; };
		739824DE1E9511C9005E6B14 /* aiff.c in Sources */ = {isa = PBXBuildFile; fileRef = 7398248B1E9511C8005E6B14 /* aiff.c */; };
		739824DF1E9511C9005E6B14 /* aiffwrite.c in Sources */ = {isa = PBXBuildFile; fileRef = 7398248D1E9511C8005E6B14 /* aiffwrite.c */; };
		739824E01E9511C9005E6B14 /* aupv.c in Sources */ = {isa = PBXBuildFile; fileRef = 739824901E9511C8005E6B14 /* aupv.c */; };
		739824E11E9511C9005E6B14 /* avr.c in Sources */ = {isa = PBXBuildFile; fileRef = 739824931E9511C8005E6B14 /* avr.c */; };
		739824E21E9511C9005E6B14 /* avrwrite.c in Sources */ = {isa = PBXBuildFile; fileRef = 739824951E9511C8005E6B14 /* avrwrite.c */; };
		739824E31E9511C9005E6B14 /* byteorder.c in Sources */ = {isa = PBXBuildFile; fileRef = 739824961E9511C8005E6B14 /* byteorder.c */; };
		739824E41E9511C9005E6B14 /* compression.c in Sources */ = {isa = PBXBuildFile; fileRef = 739824981E9511C8005E6B14 /* compression.c */; };
		739824E51E9511C9005E6B14 /* data.c in Sources */ = {isa = PBXBuildFile; fileRef = 7398249A1E9511C8005E6B14 /* data.c */; };
		739824E61E9511C9005E6B14 /* debug.c in Sources */ = {isa = PBXBuildFile; fileRef = 7398249B1E9511C8005E6B14 /* debug.c */; };
		739824E71E9511C9005E6B14 /* error.c in Sources */ = {isa = PBXBuildFile; fileRef = 7398249D1E9511C8005E6B14 /* error.c */; };
		739824E81E9511C9005E6B14 /* extended.c in Sources */ = {isa = PBXBuildFile; fileRef = 7398249F1E9511C8005E6B14 /* extended.c */; };
		739824E91E9511C9005E6B14 /* format.c in Sources */ = {isa = PBXBuildFile; fileRef = 739824A11E9511C8005E6B14 /* format.c */; };
		739824EA1E9511C9005E6B14 /* g711.c in Sources */ = {isa = PBXBuildFile; fileRef = 739824A21E9511C8005E6B14 /* g711.c */; };
		739824EB1E9511C9005E6B14 /* iff.c in Sources */ = {isa = PBXBuildFile; fileRef = 739824A41E9511C8005E6B14 /* iff.c */; };
		739824EC1E9511C9005E6B14 /* iffwrite.c in Sources */ = {isa = PBXBuildFile; fileRef = 739824A61E9511C8005E6B14 /* iffwrite.c */; };
		739824ED1E9511C9005E6B14 /* instrument.c in Sources */ = {isa = PBXBuildFile; fileRef = 739824A71E9511C8005E6B14 /* instrument.c */; };
		739824EE1E9511C9005E6B14 /* ircam.c in Sources */ = {isa = PBXBuildFile; fileRef = 739824A91E9511C9005E6B14 /* ircam.c */; };
		739824EF1E9511C9005E6B14 /* ircamwrite.c in Sources */ = {isa = PBXBuildFile; fileRef = 739824AB1E9511C9005E6B14 /* ircamwrite.c */; };
		739824F01E9511C9005E6B14 /* loop.c in Sources */ = {isa = PBXBuildFile; fileRef = 739824AC1E9511C9005E6B14 /* loop.c */; };
		739824F11E9511C9005E6B14 /* marker.c in Sources */ = {isa = PBXBuildFile; fileRef = 739824AF1E9511C9005E6B14 /* marker.c */; };
		739824F21E9511C9005E6B14 /* misc.c in Sources */ = {isa = PBXBuildFile; fileRef = 739824B11E9511C9005E6B14 /* misc.c */; };
		739824F31E9511C9005E6B14 /* adpcm.c in Sources */ = {isa = PBXBuildFile; fileRef = 739824B31E9511C9005E6B14 /* adpcm.c */; };
		739824F41E9511C9005E6B14 /* g711.c in Sources */ = {isa = PBXBuildFile; fileRef = 739824B51E9511C9005E6B14 /* g711.c */; };
		739824F51E9511C9005E6B14 /* ima.c in Sources */ = {isa = PBXBuildFile; fileRef = 739824B71E9511C9005E6B14 /* ima.c */; };
		739824F61E9511C9005E6B14 /* msadpcm.c in Sources */ = {isa = PBXBuildFile; fileRef = 739824BB1E9511C9005E6B14 /* msadpcm.c */; };
		739824F71E9511C9005E6B14 /* pcm.c in Sources */ = {isa = PBXBuildFile; fileRef = 739824BD1E9511C9005E6B14 /* pcm.c */; };
		739824F81E9511C9005E6B14 /* rebuffer.c in Sources */ = {isa = PBXBuildFile; fileRef = 739824BF1E9511C9005E6B14 /* rebuffer.c */; };
		739824F91E9511C9005E6B14 /* modules.c in Sources */ = {isa = PBXBuildFile; fileRef = 739824C21E9511C9005E6B14 /* modules.c */; };
		739824FA1E9511C9005E6B14 /* next.c in Sources */ = {isa = PBXBuildFile; fileRef = 739824C41E9511C9005E6B14 /* next.c */; };
		739824FB1E9511C9005E6B14 /* nextwrite.c in Sources */ = {isa = PBXBuildFile; fileRef = 739824C61E9511C9005E6B14 /* nextwrite.c */; };
		739824FC1E9511C9005E6B14 /* nist.c in Sources */ = {isa = PBXBuildFile; fileRef = 739824C71E9511C9005E6B14 /* nist.c */; };
		739824FD1E9511C9005E6B14 /* nistwrite.c in Sources */ = {isa = PBXBuildFile; fileRef = 739824C91E9511C9005E6B14 /* nistwrite.c */; };
		739824FE1E9511C9005E6B14 /* openclose.c in Sources */ = {isa = PBXBuildFile; fileRef = 739824CA1E9511C9005E6B14 /* openclose.c */; };
		739824FF1E9511C9005E6B14 /* pcm.c in Sources */ = {isa = PBXBuildFile; fileRef = 739824CB1E9511C9005E6B14 /* pcm.c */; };
		739825001E9511C9005E6B14 /* query.c in Sources */ = {isa = PBXBuildFile; fileRef = 739824CE1E9511C9005E6B14 /* query.c */; };
		739825011E9511C9005E6B14 /* raw.c in Sources */ = {isa = PBXBuildFile; fileRef = 739824CF1E9511C9005E6B14 /* raw.c */; };
		739825021E9511C9005E6B14 /* setup.c in Sources */ = {isa = PBXBuildFile; fileRef = 739824D11E9511C9005E6B14 /* setup.c */; };
		739825031E9511C9005E6B14 /* track.c in Sources */ = {isa = PBXBuildFile; fileRef = 739824D31E9511C9005E6B14 /* track.c */; };
		739825041E9511C9005E6B14 /* units.c in Sources */ = {isa = PBXBuildFile; fileRef = 739824D51E9511C9005E6B14 /* units.c */; };
		739825051E9511C9005E6B14 /* util.c in Sources */ = {isa = PBXBuildFile; fileRef = 739824D71E9511C9005E6B14 /* util.c */; };
		739825061E9511C9005E6B14 /* wave.c in Sources */ = {isa = PBXBuildFile; fileRef = 739824D91E9511C9005E6B14 /* wave.c */; };
		739825071E9511C9005E6B14 /* wavewrite.c in Sources */ = {isa = PBXBuildFile; fileRef = 739824DB1E9511C9005E6B14 /* wavewrite.c */; };
/* End PBXBuildFile section */

/* Begin PBXCopyFilesBuildPhase section */
		737E99AC1E88401800128149 /* CopyFiles */ = {
			isa = PBXCopyFilesBuildPhase;
			buildActionMask = 2147483647;
			dstPath = "include/$(PRODUCT_NAME)";
			dstSubfolderSpec = 16;
			files = (
			);
			runOnlyForDeploymentPostprocessing = 0;
		};
/* End PBXCopyFilesBuildPhase section */

/* Begin PBXFileReference section */
		737E99AE1E88401800128149 /* libspectrum.a */ = {isa = PBXFileReference; explicitFileType = archive.ar; includeInIndex = 0; path = libspectrum.a; sourceTree = BUILT_PRODUCTS_DIR; };
		739823D21E93DA8D005E6B14 /* bzip2.c */ = {isa = PBXFileReference; fileEncoding = 4; lastKnownFileType = sourcecode.c.c; path = bzip2.c; sourceTree = "<group>"; };
		739823D51E93DA8D005E6B14 /* config.h */ = {isa = PBXFileReference; fileEncoding = 4; lastKnownFileType = sourcecode.c.h; path = config.h; sourceTree = "<group>"; };
		739823DC1E93DA8D005E6B14 /* COPYING */ = {isa = PBXFileReference; fileEncoding = 4; lastKnownFileType = text; path = COPYING; sourceTree = "<group>"; };
		739823DD1E93DA8D005E6B14 /* creator.c */ = {isa = PBXFileReference; fileEncoding = 4; lastKnownFileType = sourcecode.c.c; path = creator.c; sourceTree = "<group>"; };
		739823DE1E93DA8D005E6B14 /* crypto.c */ = {isa = PBXFileReference; fileEncoding = 4; lastKnownFileType = sourcecode.c.c; path = crypto.c; sourceTree = "<group>"; };
		739823DF1E93DA8D005E6B14 /* csw.c */ = {isa = PBXFileReference; fileEncoding = 4; lastKnownFileType = sourcecode.c.c; path = csw.c; sourceTree = "<group>"; };
		739823E01E93DA8D005E6B14 /* dck.c */ = {isa = PBXFileReference; fileEncoding = 4; lastKnownFileType = sourcecode.c.c; path = dck.c; sourceTree = "<group>"; };
		739823E91E93DA8D005E6B14 /* ide.c */ = {isa = PBXFileReference; fileEncoding = 4; lastKnownFileType = sourcecode.c.c; path = ide.c; sourceTree = "<group>"; };
		739823EB1E93DA8D005E6B14 /* internals.h */ = {isa = PBXFileReference; fileEncoding = 4; lastKnownFileType = sourcecode.c.h; path = internals.h; sourceTree = "<group>"; };
		739823EC1E93DA8D005E6B14 /* libspectrum.c */ = {isa = PBXFileReference; fileEncoding = 4; lastKnownFileType = sourcecode.c.c; path = libspectrum.c; sourceTree = "<group>"; };
		739823ED1E93DA8D005E6B14 /* libspectrum.h */ = {isa = PBXFileReference; fileEncoding = 4; lastKnownFileType = sourcecode.c.h; path = libspectrum.h; sourceTree = "<group>"; };
		739823FD1E93DA8D005E6B14 /* make-perl.c */ = {isa = PBXFileReference; fileEncoding = 4; lastKnownFileType = sourcecode.c.c; path = "make-perl.c"; sourceTree = "<group>"; };
		739824011E93DA8D005E6B14 /* memory.c */ = {isa = PBXFileReference; fileEncoding = 4; lastKnownFileType = sourcecode.c.c; path = memory.c; sourceTree = "<group>"; };
		739824021E93DA8D005E6B14 /* microdrive.c */ = {isa = PBXFileReference; fileEncoding = 4; lastKnownFileType = sourcecode.c.c; path = microdrive.c; sourceTree = "<group>"; };
		7398240A1E93DA8D005E6B14 /* garray.c */ = {isa = PBXFileReference; fileEncoding = 4; lastKnownFileType = sourcecode.c.c; path = garray.c; sourceTree = "<group>"; };
		7398240B1E93DA8D005E6B14 /* ghash.c */ = {isa = PBXFileReference; fileEncoding = 4; lastKnownFileType = sourcecode.c.c; path = ghash.c; sourceTree = "<group>"; };
		7398240C1E93DA8D005E6B14 /* glock.c */ = {isa = PBXFileReference; fileEncoding = 4; lastKnownFileType = sourcecode.c.c; path = glock.c; sourceTree = "<group>"; };
		7398240D1E93DA8D005E6B14 /* gslist.c */ = {isa = PBXFileReference; fileEncoding = 4; lastKnownFileType = sourcecode.c.c; path = gslist.c; sourceTree = "<group>"; };
		7398240F1E93DA8D005E6B14 /* plusd.c */ = {isa = PBXFileReference; fileEncoding = 4; lastKnownFileType = sourcecode.c.c; path = plusd.c; sourceTree = "<group>"; };
		739824101E93DA8D005E6B14 /* pzx_read.c */ = {isa = PBXFileReference; fileEncoding = 4; lastKnownFileType = sourcecode.c.c; path = pzx_read.c; sourceTree = "<group>"; };
		739824111E93DA8D005E6B14 /* README */ = {isa = PBXFileReference; fileEncoding = 4; lastKnownFileType = text; path = README; sourceTree = "<group>"; };
		739824121E93DA8D005E6B14 /* rzx.c */ = {isa = PBXFileReference; fileEncoding = 4; lastKnownFileType = sourcecode.c.c; path = rzx.c; sourceTree = "<group>"; };
		739824131E93DA8D005E6B14 /* sna.c */ = {isa = PBXFileReference; fileEncoding = 4; lastKnownFileType = sourcecode.c.c; path = sna.c; sourceTree = "<group>"; };
		739824141E93DA8D005E6B14 /* snap_accessors.c */ = {isa = PBXFileReference; fileEncoding = 4; lastKnownFileType = sourcecode.c.c; path = snap_accessors.c; sourceTree = "<group>"; };
		739824161E93DA8D005E6B14 /* snapshot.c */ = {isa = PBXFileReference; fileEncoding = 4; lastKnownFileType = sourcecode.c.c; path = snapshot.c; sourceTree = "<group>"; };
		739824171E93DA8D005E6B14 /* snp.c */ = {isa = PBXFileReference; fileEncoding = 4; lastKnownFileType = sourcecode.c.c; path = snp.c; sourceTree = "<group>"; };
		739824181E93DA8D005E6B14 /* sp.c */ = {isa = PBXFileReference; fileEncoding = 4; lastKnownFileType = sourcecode.c.c; path = sp.c; sourceTree = "<group>"; };
		7398241A1E93DA8D005E6B14 /* symbol_table.c */ = {isa = PBXFileReference; fileEncoding = 4; lastKnownFileType = sourcecode.c.c; path = symbol_table.c; sourceTree = "<group>"; };
		7398241B1E93DA8D005E6B14 /* szx.c */ = {isa = PBXFileReference; fileEncoding = 4; lastKnownFileType = sourcecode.c.c; path = szx.c; sourceTree = "<group>"; };
		7398241C1E93DA8D005E6B14 /* tap.c */ = {isa = PBXFileReference; fileEncoding = 4; lastKnownFileType = sourcecode.c.c; path = tap.c; sourceTree = "<group>"; };
		7398241D1E93DA8D005E6B14 /* tape_accessors.c */ = {isa = PBXFileReference; fileEncoding = 4; lastKnownFileType = sourcecode.c.c; path = tape_accessors.c; sourceTree = "<group>"; };
		739824201E93DA8D005E6B14 /* tape_block.c */ = {isa = PBXFileReference; fileEncoding = 4; lastKnownFileType = sourcecode.c.c; path = tape_block.c; sourceTree = "<group>"; };
		739824211E93DA8D005E6B14 /* tape_block.h */ = {isa = PBXFileReference; fileEncoding = 4; lastKnownFileType = sourcecode.c.h; path = tape_block.h; sourceTree = "<group>"; };
		739824221E93DA8D005E6B14 /* tape_set.c */ = {isa = PBXFileReference; fileEncoding = 4; lastKnownFileType = sourcecode.c.c; path = tape_set.c; sourceTree = "<group>"; };
		739824241E93DA8D005E6B14 /* tape.c */ = {isa = PBXFileReference; fileEncoding = 4; lastKnownFileType = sourcecode.c.c; path = tape.c; sourceTree = "<group>"; };
		739824481E93DA8D005E6B14 /* timings.c */ = {isa = PBXFileReference; fileEncoding = 4; lastKnownFileType = sourcecode.c.c; path = timings.c; sourceTree = "<group>"; };
		739824491E93DA8D005E6B14 /* tzx_read.c */ = {isa = PBXFileReference; fileEncoding = 4; lastKnownFileType = sourcecode.c.c; path = tzx_read.c; sourceTree = "<group>"; };
		7398244A1E93DA8D005E6B14 /* tzx_write.c */ = {isa = PBXFileReference; fileEncoding = 4; lastKnownFileType = sourcecode.c.c; path = tzx_write.c; sourceTree = "<group>"; };
		7398244B1E93DA8D005E6B14 /* utilities.c */ = {isa = PBXFileReference; fileEncoding = 4; lastKnownFileType = sourcecode.c.c; path = utilities.c; sourceTree = "<group>"; };
		7398244C1E93DA8D005E6B14 /* warajevo_read.c */ = {isa = PBXFileReference; fileEncoding = 4; lastKnownFileType = sourcecode.c.c; path = warajevo_read.c; sourceTree = "<group>"; };
		7398244D1E93DA8D005E6B14 /* wav.c */ = {isa = PBXFileReference; fileEncoding = 4; lastKnownFileType = sourcecode.c.c; path = wav.c; sourceTree = "<group>"; };
		7398244F1E93DA8D005E6B14 /* z80.c */ = {isa = PBXFileReference; fileEncoding = 4; lastKnownFileType = sourcecode.c.c; path = z80.c; sourceTree = "<group>"; };
		739824501E93DA8D005E6B14 /* z80em.c */ = {isa = PBXFileReference; fileEncoding = 4; lastKnownFileType = sourcecode.c.c; path = z80em.c; sourceTree = "<group>"; };
		739824511E93DA8D005E6B14 /* zip.c */ = {isa = PBXFileReference; fileEncoding = 4; lastKnownFileType = sourcecode.c.c; path = zip.c; sourceTree = "<group>"; };
		739824521E93DA8D005E6B14 /* zip.h */ = {isa = PBXFileReference; fileEncoding = 4; lastKnownFileType = sourcecode.c.h; path = zip.h; sourceTree = "<group>"; };
		739824531E93DA8D005E6B14 /* zlib.c */ = {isa = PBXFileReference; fileEncoding = 4; lastKnownFileType = sourcecode.c.c; path = zlib.c; sourceTree = "<group>"; };
		739824541E93DA8D005E6B14 /* zxs.c */ = {isa = PBXFileReference; fileEncoding = 4; lastKnownFileType = sourcecode.c.c; path = zxs.c; sourceTree = "<group>"; };
		739824871E9511C8005E6B14 /* aes.c */ = {isa = PBXFileReference; fileEncoding = 4; lastKnownFileType = sourcecode.c.c; name = aes.c; path = audiofile/libaudiofile/aes.c; sourceTree = "<group>"; };
		739824881E9511C8005E6B14 /* af_vfs.c */ = {isa = PBXFileReference; fileEncoding = 4; lastKnownFileType = sourcecode.c.c; name = af_vfs.c; path = audiofile/libaudiofile/af_vfs.c; sourceTree = "<group>"; };
		739824891E9511C8005E6B14 /* af_vfs.h */ = {isa = PBXFileReference; fileEncoding = 4; lastKnownFileType = sourcecode.c.h; name = af_vfs.h; path = audiofile/libaudiofile/af_vfs.h; sourceTree = "<group>"; };
		7398248A1E9511C8005E6B14 /* afinternal.h */ = {isa = PBXFileReference; fileEncoding = 4; lastKnownFileType = sourcecode.c.h; name = afinternal.h; path = audiofile/libaudiofile/afinternal.h; sourceTree = "<group>"; };
		7398248B1E9511C8005E6B14 /* aiff.c */ = {isa = PBXFileReference; fileEncoding = 4; lastKnownFileType = sourcecode.c.c; name = aiff.c; path = audiofile/libaudiofile/aiff.c; sourceTree = "<group>"; };
		7398248C1E9511C8005E6B14 /* aiff.h */ = {isa = PBXFileReference; fileEncoding = 4; lastKnownFileType = sourcecode.c.h; name = aiff.h; path = audiofile/libaudiofile/aiff.h; sourceTree = "<group>"; };
		7398248D1E9511C8005E6B14 /* aiffwrite.c */ = {isa = PBXFileReference; fileEncoding = 4; lastKnownFileType = sourcecode.c.c; name = aiffwrite.c; path = audiofile/libaudiofile/aiffwrite.c; sourceTree = "<group>"; };
		7398248F1E9511C8005E6B14 /* audiofile.h */ = {isa = PBXFileReference; fileEncoding = 4; lastKnownFileType = sourcecode.c.h; name = audiofile.h; path = audiofile/libaudiofile/audiofile.h; sourceTree = "<group>"; };
		739824901E9511C8005E6B14 /* aupv.c */ = {isa = PBXFileReference; fileEncoding = 4; lastKnownFileType = sourcecode.c.c; name = aupv.c; path = audiofile/libaudiofile/aupv.c; sourceTree = "<group>"; };
		739824911E9511C8005E6B14 /* aupvinternal.h */ = {isa = PBXFileReference; fileEncoding = 4; lastKnownFileType = sourcecode.c.h; name = aupvinternal.h; path = audiofile/libaudiofile/aupvinternal.h; sourceTree = "<group>"; };
		739824921E9511C8005E6B14 /* aupvlist.h */ = {isa = PBXFileReference; fileEncoding = 4; lastKnownFileType = sourcecode.c.h; name = aupvlist.h; path = audiofile/libaudiofile/aupvlist.h; sourceTree = "<group>"; };
		739824931E9511C8005E6B14 /* avr.c */ = {isa = PBXFileReference; fileEncoding = 4; lastKnownFileType = sourcecode.c.c; name = avr.c; path = audiofile/libaudiofile/avr.c; sourceTree = "<group>"; };
		739824941E9511C8005E6B14 /* avr.h */ = {isa = PBXFileReference; fileEncoding = 4; lastKnownFileType = sourcecode.c.h; name = avr.h; path = audiofile/libaudiofile/avr.h; sourceTree = "<group>"; };
		739824951E9511C8005E6B14 /* avrwrite.c */ = {isa = PBXFileReference; fileEncoding = 4; lastKnownFileType = sourcecode.c.c; name = avrwrite.c; path = audiofile/libaudiofile/avrwrite.c; sourceTree = "<group>"; };
		739824961E9511C8005E6B14 /* byteorder.c */ = {isa = PBXFileReference; fileEncoding = 4; lastKnownFileType = sourcecode.c.c; name = byteorder.c; path = audiofile/libaudiofile/byteorder.c; sourceTree = "<group>"; };
		739824971E9511C8005E6B14 /* byteorder.h */ = {isa = PBXFileReference; fileEncoding = 4; lastKnownFileType = sourcecode.c.h; name = byteorder.h; path = audiofile/libaudiofile/byteorder.h; sourceTree = "<group>"; };
		739824981E9511C8005E6B14 /* compression.c */ = {isa = PBXFileReference; fileEncoding = 4; lastKnownFileType = sourcecode.c.c; name = compression.c; path = audiofile/libaudiofile/compression.c; sourceTree = "<group>"; };
		739824991E9511C8005E6B14 /* compression.h */ = {isa = PBXFileReference; fileEncoding = 4; lastKnownFileType = sourcecode.c.h; name = compression.h; path = audiofile/libaudiofile/compression.h; sourceTree = "<group>"; };
		7398249A1E9511C8005E6B14 /* data.c */ = {isa = PBXFileReference; fileEncoding = 4; lastKnownFileType = sourcecode.c.c; name = data.c; path = audiofile/libaudiofile/data.c; sourceTree = "<group>"; };
		7398249B1E9511C8005E6B14 /* debug.c */ = {isa = PBXFileReference; fileEncoding = 4; lastKnownFileType = sourcecode.c.c; name = debug.c; path = audiofile/libaudiofile/debug.c; sourceTree = "<group>"; };
		7398249C1E9511C8005E6B14 /* debug.h */ = {isa = PBXFileReference; fileEncoding = 4; lastKnownFileType = sourcecode.c.h; name = debug.h; path = audiofile/libaudiofile/debug.h; sourceTree = "<group>"; };
		7398249D1E9511C8005E6B14 /* error.c */ = {isa = PBXFileReference; fileEncoding = 4; lastKnownFileType = sourcecode.c.c; name = error.c; path = audiofile/libaudiofile/error.c; sourceTree = "<group>"; };
		7398249E1E9511C8005E6B14 /* error.h */ = {isa = PBXFileReference; fileEncoding = 4; lastKnownFileType = sourcecode.c.h; name = error.h; path = audiofile/libaudiofile/error.h; sourceTree = "<group>"; };
		7398249F1E9511C8005E6B14 /* extended.c */ = {isa = PBXFileReference; fileEncoding = 4; lastKnownFileType = sourcecode.c.c; name = extended.c; path = audiofile/libaudiofile/extended.c; sourceTree = "<group>"; };
		739824A01E9511C8005E6B14 /* extended.h */ = {isa = PBXFileReference; fileEncoding = 4; lastKnownFileType = sourcecode.c.h; name = extended.h; path = audiofile/libaudiofile/extended.h; sourceTree = "<group>"; };
		739824A11E9511C8005E6B14 /* format.c */ = {isa = PBXFileReference; fileEncoding = 4; lastKnownFileType = sourcecode.c.c; name = format.c; path = audiofile/libaudiofile/format.c; sourceTree = "<group>"; };
		739824A21E9511C8005E6B14 /* g711.c */ = {isa = PBXFileReference; fileEncoding = 4; lastKnownFileType = sourcecode.c.c; name = g711.c; path = audiofile/libaudiofile/g711.c; sourceTree = "<group>"; };
		739824A31E9511C8005E6B14 /* g711.h */ = {isa = PBXFileReference; fileEncoding = 4; lastKnownFileType = sourcecode.c.h; name = g711.h; path = audiofile/libaudiofile/g711.h; sourceTree = "<group>"; };
		739824A41E9511C8005E6B14 /* iff.c */ = {isa = PBXFileReference; fileEncoding = 4; lastKnownFileType = sourcecode.c.c; name = iff.c; path = audiofile/libaudiofile/iff.c; sourceTree = "<group>"; };
		739824A51E9511C8005E6B14 /* iff.h */ = {isa = PBXFileReference; fileEncoding = 4; lastKnownFileType = sourcecode.c.h; name = iff.h; path = audiofile/libaudiofile/iff.h; sourceTree = "<group>"; };
		739824A61E9511C8005E6B14 /* iffwrite.c */ = {isa = PBXFileReference; fileEncoding = 4; lastKnownFileType = sourcecode.c.c; name = iffwrite.c; path = audiofile/libaudiofile/iffwrite.c; sourceTree = "<group>"; };
		739824A71E9511C8005E6B14 /* instrument.c */ = {isa = PBXFileReference; fileEncoding = 4; lastKnownFileType = sourcecode.c.c; name = instrument.c; path = audiofile/libaudiofile/instrument.c; sourceTree = "<group>"; };
		739824A81E9511C8005E6B14 /* instrument.h */ = {isa = PBXFileReference; fileEncoding = 4; lastKnownFileType = sourcecode.c.h; name = instrument.h; path = audiofile/libaudiofile/instrument.h; sourceTree = "<group>"; };
		739824A91E9511C9005E6B14 /* ircam.c */ = {isa = PBXFileReference; fileEncoding = 4; lastKnownFileType = sourcecode.c.c; name = ircam.c; path = audiofile/libaudiofile/ircam.c; sourceTree = "<group>"; };
		739824AA1E9511C9005E6B14 /* ircam.h */ = {isa = PBXFileReference; fileEncoding = 4; lastKnownFileType = sourcecode.c.h; name = ircam.h; path = audiofile/libaudiofile/ircam.h; sourceTree = "<group>"; };
		739824AB1E9511C9005E6B14 /* ircamwrite.c */ = {isa = PBXFileReference; fileEncoding = 4; lastKnownFileType = sourcecode.c.c; name = ircamwrite.c; path = audiofile/libaudiofile/ircamwrite.c; sourceTree = "<group>"; };
		739824AC1E9511C9005E6B14 /* loop.c */ = {isa = PBXFileReference; fileEncoding = 4; lastKnownFileType = sourcecode.c.c; name = loop.c; path = audiofile/libaudiofile/loop.c; sourceTree = "<group>"; };
		739824AF1E9511C9005E6B14 /* marker.c */ = {isa = PBXFileReference; fileEncoding = 4; lastKnownFileType = sourcecode.c.c; name = marker.c; path = audiofile/libaudiofile/marker.c; sourceTree = "<group>"; };
		739824B01E9511C9005E6B14 /* marker.h */ = {isa = PBXFileReference; fileEncoding = 4; lastKnownFileType = sourcecode.c.h; name = marker.h; path = audiofile/libaudiofile/marker.h; sourceTree = "<group>"; };
		739824B11E9511C9005E6B14 /* misc.c */ = {isa = PBXFileReference; fileEncoding = 4; lastKnownFileType = sourcecode.c.c; name = misc.c; path = audiofile/libaudiofile/misc.c; sourceTree = "<group>"; };
		739824B31E9511C9005E6B14 /* adpcm.c */ = {isa = PBXFileReference; fileEncoding = 4; lastKnownFileType = sourcecode.c.c; path = adpcm.c; sourceTree = "<group>"; };
		739824B41E9511C9005E6B14 /* adpcm.h */ = {isa = PBXFileReference; fileEncoding = 4; lastKnownFileType = sourcecode.c.h; path = adpcm.h; sourceTree = "<group>"; };
		739824B51E9511C9005E6B14 /* g711.c */ = {isa = PBXFileReference; fileEncoding = 4; lastKnownFileType = sourcecode.c.c; path = g711.c; sourceTree = "<group>"; };
		739824B61E9511C9005E6B14 /* g711.h */ = {isa = PBXFileReference; fileEncoding = 4; lastKnownFileType = sourcecode.c.h; path = g711.h; sourceTree = "<group>"; };
		739824B71E9511C9005E6B14 /* ima.c */ = {isa = PBXFileReference; fileEncoding = 4; lastKnownFileType = sourcecode.c.c; path = ima.c; sourceTree = "<group>"; };
		739824B81E9511C9005E6B14 /* ima.h */ = {isa = PBXFileReference; fileEncoding = 4; lastKnownFileType = sourcecode.c.h; path = ima.h; sourceTree = "<group>"; };
		739824BB1E9511C9005E6B14 /* msadpcm.c */ = {isa = PBXFileReference; fileEncoding = 4; lastKnownFileType = sourcecode.c.c; path = msadpcm.c; sourceTree = "<group>"; };
		739824BC1E9511C9005E6B14 /* msadpcm.h */ = {isa = PBXFileReference; fileEncoding = 4; lastKnownFileType = sourcecode.c.h; path = msadpcm.h; sourceTree = "<group>"; };
		739824BD1E9511C9005E6B14 /* pcm.c */ = {isa = PBXFileReference; fileEncoding = 4; lastKnownFileType = sourcecode.c.c; path = pcm.c; sourceTree = "<group>"; };
		739824BE1E9511C9005E6B14 /* pcm.h */ = {isa = PBXFileReference; fileEncoding = 4; lastKnownFileType = sourcecode.c.h; path = pcm.h; sourceTree = "<group>"; };
		739824BF1E9511C9005E6B14 /* rebuffer.c */ = {isa = PBXFileReference; fileEncoding = 4; lastKnownFileType = sourcecode.c.c; path = rebuffer.c; sourceTree = "<group>"; };
		739824C01E9511C9005E6B14 /* rebuffer.h */ = {isa = PBXFileReference; fileEncoding = 4; lastKnownFileType = sourcecode.c.h; path = rebuffer.h; sourceTree = "<group>"; };
		739824C21E9511C9005E6B14 /* modules.c */ = {isa = PBXFileReference; fileEncoding = 4; lastKnownFileType = sourcecode.c.c; name = modules.c; path = audiofile/libaudiofile/modules.c; sourceTree = "<group>"; };
		739824C31E9511C9005E6B14 /* modules.h */ = {isa = PBXFileReference; fileEncoding = 4; lastKnownFileType = sourcecode.c.h; name = modules.h; path = audiofile/libaudiofile/modules.h; sourceTree = "<group>"; };
		739824C41E9511C9005E6B14 /* next.c */ = {isa = PBXFileReference; fileEncoding = 4; lastKnownFileType = sourcecode.c.c; name = next.c; path = audiofile/libaudiofile/next.c; sourceTree = "<group>"; };
		739824C51E9511C9005E6B14 /* next.h */ = {isa = PBXFileReference; fileEncoding = 4; lastKnownFileType = sourcecode.c.h; name = next.h; path = audiofile/libaudiofile/next.h; sourceTree = "<group>"; };
		739824C61E9511C9005E6B14 /* nextwrite.c */ = {isa = PBXFileReference; fileEncoding = 4; lastKnownFileType = sourcecode.c.c; name = nextwrite.c; path = audiofile/libaudiofile/nextwrite.c; sourceTree = "<group>"; };
		739824C71E9511C9005E6B14 /* nist.c */ = {isa = PBXFileReference; fileEncoding = 4; lastKnownFileType = sourcecode.c.c; name = nist.c; path = audiofile/libaudiofile/nist.c; sourceTree = "<group>"; };
		739824C81E9511C9005E6B14 /* nist.h */ = {isa = PBXFileReference; fileEncoding = 4; lastKnownFileType = sourcecode.c.h; name = nist.h; path = audiofile/libaudiofile/nist.h; sourceTree = "<group>"; };
		739824C91E9511C9005E6B14 /* nistwrite.c */ = {isa = PBXFileReference; fileEncoding = 4; lastKnownFileType = sourcecode.c.c; name = nistwrite.c; path = audiofile/libaudiofile/nistwrite.c; sourceTree = "<group>"; };
		739824CA1E9511C9005E6B14 /* openclose.c */ = {isa = PBXFileReference; fileEncoding = 4; lastKnownFileType = sourcecode.c.c; name = openclose.c; path = audiofile/libaudiofile/openclose.c; sourceTree = "<group>"; };
		739824CB1E9511C9005E6B14 /* pcm.c */ = {isa = PBXFileReference; fileEncoding = 4; lastKnownFileType = sourcecode.c.c; name = pcm.c; path = audiofile/libaudiofile/pcm.c; sourceTree = "<group>"; };
		739824CC1E9511C9005E6B14 /* pcm.h */ = {isa = PBXFileReference; fileEncoding = 4; lastKnownFileType = sourcecode.c.h; name = pcm.h; path = audiofile/libaudiofile/pcm.h; sourceTree = "<group>"; };
		739824CD1E9511C9005E6B14 /* print.h */ = {isa = PBXFileReference; fileEncoding = 4; lastKnownFileType = sourcecode.c.h; name = print.h; path = audiofile/libaudiofile/print.h; sourceTree = "<group>"; };
		739824CE1E9511C9005E6B14 /* query.c */ = {isa = PBXFileReference; fileEncoding = 4; lastKnownFileType = sourcecode.c.c; name = query.c; path = audiofile/libaudiofile/query.c; sourceTree = "<group>"; };
		739824CF1E9511C9005E6B14 /* raw.c */ = {isa = PBXFileReference; fileEncoding = 4; lastKnownFileType = sourcecode.c.c; name = raw.c; path = audiofile/libaudiofile/raw.c; sourceTree = "<group>"; };
		739824D01E9511C9005E6B14 /* raw.h */ = {isa = PBXFileReference; fileEncoding = 4; lastKnownFileType = sourcecode.c.h; name = raw.h; path = audiofile/libaudiofile/raw.h; sourceTree = "<group>"; };
		739824D11E9511C9005E6B14 /* setup.c */ = {isa = PBXFileReference; fileEncoding = 4; lastKnownFileType = sourcecode.c.c; name = setup.c; path = audiofile/libaudiofile/setup.c; sourceTree = "<group>"; };
		739824D21E9511C9005E6B14 /* setup.h */ = {isa = PBXFileReference; fileEncoding = 4; lastKnownFileType = sourcecode.c.h; name = setup.h; path = audiofile/libaudiofile/setup.h; sourceTree = "<group>"; };
		739824D31E9511C9005E6B14 /* track.c */ = {isa = PBXFileReference; fileEncoding = 4; lastKnownFileType = sourcecode.c.c; name = track.c; path = audiofile/libaudiofile/track.c; sourceTree = "<group>"; };
		739824D41E9511C9005E6B14 /* track.h */ = {isa = PBXFileReference; fileEncoding = 4; lastKnownFileType = sourcecode.c.h; name = track.h; path = audiofile/libaudiofile/track.h; sourceTree = "<group>"; };
		739824D51E9511C9005E6B14 /* units.c */ = {isa = PBXFileReference; fileEncoding = 4; lastKnownFileType = sourcecode.c.c; name = units.c; path = audiofile/libaudiofile/units.c; sourceTree = "<group>"; };
		739824D61E9511C9005E6B14 /* units.h */ = {isa = PBXFileReference; fileEncoding = 4; lastKnownFileType = sourcecode.c.h; name = units.h; path = audiofile/libaudiofile/units.h; sourceTree = "<group>"; };
		739824D71E9511C9005E6B14 /* util.c */ = {isa = PBXFileReference; fileEncoding = 4; lastKnownFileType = sourcecode.c.c; name = util.c; path = audiofile/libaudiofile/util.c; sourceTree = "<group>"; };
		739824D81E9511C9005E6B14 /* util.h */ = {isa = PBXFileReference; fileEncoding = 4; lastKnownFileType = sourcecode.c.h; name = util.h; path = audiofile/libaudiofile/util.h; sourceTree = "<group>"; };
		739824D91E9511C9005E6B14 /* wave.c */ = {isa = PBXFileReference; fileEncoding = 4; lastKnownFileType = sourcecode.c.c; name = wave.c; path = audiofile/libaudiofile/wave.c; sourceTree = "<group>"; };
		739824DA1E9511C9005E6B14 /* wave.h */ = {isa = PBXFileReference; fileEncoding = 4; lastKnownFileType = sourcecode.c.h; name = wave.h; path = audiofile/libaudiofile/wave.h; sourceTree = "<group>"; };
		739824DB1E9511C9005E6B14 /* wavewrite.c */ = {isa = PBXFileReference; fileEncoding = 4; lastKnownFileType = sourcecode.c.c; name = wavewrite.c; path = audiofile/libaudiofile/wavewrite.c; sourceTree = "<group>"; };
		739825081E95150F005E6B14 /* config.h */ = {isa = PBXFileReference; fileEncoding = 4; lastKnownFileType = sourcecode.c.h; path = config.h; sourceTree = "<group>"; };
		7398250A1E9517DD005E6B14 /* libz.tbd */ = {isa = PBXFileReference; lastKnownFileType = "sourcecode.text-based-dylib-definition"; name = libz.tbd; path = usr/lib/libz.tbd; sourceTree = SDKROOT; };
/* End PBXFileReference section */

/* Begin PBXFrameworksBuildPhase section */
		737E99AB1E88401800128149 /* Frameworks */ = {
			isa = PBXFrameworksBuildPhase;
			buildActionMask = 2147483647;
			files = (
			);
			runOnlyForDeploymentPostprocessing = 0;
		};
/* End PBXFrameworksBuildPhase section */

/* Begin PBXGroup section */
		737E99A51E88401800128149 = {
			isa = PBXGroup;
			children = (
				737E99B01E88401800128149 /* spectrum */,
				737E99AF1E88401800128149 /* Products */,
				739825091E9517DD005E6B14 /* Frameworks */,
			);
			sourceTree = "<group>";
		};
		737E99AF1E88401800128149 /* Products */ = {
			isa = PBXGroup;
			children = (
				737E99AE1E88401800128149 /* libspectrum.a */,
			);
			name = Products;
			sourceTree = "<group>";
		};
		737E99B01E88401800128149 /* spectrum */ = {
			isa = PBXGroup;
			children = (
				739824861E9510FD005E6B14 /* audiofile */,
				737E9C3A1E88412C00128149 /* libspectrum */,
			);
			path = spectrum;
			sourceTree = "<group>";
		};
		737E9C3A1E88412C00128149 /* libspectrum */ = {
			isa = PBXGroup;
			children = (
				739823D21E93DA8D005E6B14 /* bzip2.c */,
				739823D51E93DA8D005E6B14 /* config.h */,
				739823DC1E93DA8D005E6B14 /* COPYING */,
				739823DD1E93DA8D005E6B14 /* creator.c */,
				739823DE1E93DA8D005E6B14 /* crypto.c */,
				739823DF1E93DA8D005E6B14 /* csw.c */,
				739823E01E93DA8D005E6B14 /* dck.c */,
				739823E91E93DA8D005E6B14 /* ide.c */,
				739823EB1E93DA8D005E6B14 /* internals.h */,
				739823EC1E93DA8D005E6B14 /* libspectrum.c */,
				739823ED1E93DA8D005E6B14 /* libspectrum.h */,
				739823FD1E93DA8D005E6B14 /* make-perl.c */,
				739824011E93DA8D005E6B14 /* memory.c */,
				739824021E93DA8D005E6B14 /* microdrive.c */,
				739824041E93DA8D005E6B14 /* myglib */,
				7398240F1E93DA8D005E6B14 /* plusd.c */,
				739824101E93DA8D005E6B14 /* pzx_read.c */,
				739824111E93DA8D005E6B14 /* README */,
				739824121E93DA8D005E6B14 /* rzx.c */,
				739824131E93DA8D005E6B14 /* sna.c */,
				739824141E93DA8D005E6B14 /* snap_accessors.c */,
				739824161E93DA8D005E6B14 /* snapshot.c */,
				739824171E93DA8D005E6B14 /* snp.c */,
				739824181E93DA8D005E6B14 /* sp.c */,
				7398241A1E93DA8D005E6B14 /* symbol_table.c */,
				7398241B1E93DA8D005E6B14 /* szx.c */,
				7398241C1E93DA8D005E6B14 /* tap.c */,
				7398241D1E93DA8D005E6B14 /* tape_accessors.c */,
				739824201E93DA8D005E6B14 /* tape_block.c */,
				739824211E93DA8D005E6B14 /* tape_block.h */,
				739824221E93DA8D005E6B14 /* tape_set.c */,
				739824241E93DA8D005E6B14 /* tape.c */,
				739824481E93DA8D005E6B14 /* timings.c */,
				739824491E93DA8D005E6B14 /* tzx_read.c */,
				7398244A1E93DA8D005E6B14 /* tzx_write.c */,
				7398244B1E93DA8D005E6B14 /* utilities.c */,
				7398244C1E93DA8D005E6B14 /* warajevo_read.c */,
				7398244D1E93DA8D005E6B14 /* wav.c */,
				7398244F1E93DA8D005E6B14 /* z80.c */,
				739824501E93DA8D005E6B14 /* z80em.c */,
				739824511E93DA8D005E6B14 /* zip.c */,
				739824521E93DA8D005E6B14 /* zip.h */,
				739824531E93DA8D005E6B14 /* zlib.c */,
				739824541E93DA8D005E6B14 /* zxs.c */,
			);
			path = libspectrum;
			sourceTree = "<group>";
		};
		739824041E93DA8D005E6B14 /* myglib */ = {
			isa = PBXGroup;
			children = (
				7398240A1E93DA8D005E6B14 /* garray.c */,
				7398240B1E93DA8D005E6B14 /* ghash.c */,
				7398240C1E93DA8D005E6B14 /* glock.c */,
				7398240D1E93DA8D005E6B14 /* gslist.c */,
			);
			path = myglib;
			sourceTree = "<group>";
		};
		739824861E9510FD005E6B14 /* audiofile */ = {
			isa = PBXGroup;
			children = (
				739825081E95150F005E6B14 /* config.h */,
				739824871E9511C8005E6B14 /* aes.c */,
				739824881E9511C8005E6B14 /* af_vfs.c */,
				739824891E9511C8005E6B14 /* af_vfs.h */,
				7398248A1E9511C8005E6B14 /* afinternal.h */,
				7398248B1E9511C8005E6B14 /* aiff.c */,
				7398248C1E9511C8005E6B14 /* aiff.h */,
				7398248D1E9511C8005E6B14 /* aiffwrite.c */,
				7398248F1E9511C8005E6B14 /* audiofile.h */,
				739824901E9511C8005E6B14 /* aupv.c */,
				739824911E9511C8005E6B14 /* aupvinternal.h */,
				739824921E9511C8005E6B14 /* aupvlist.h */,
				739824931E9511C8005E6B14 /* avr.c */,
				739824941E9511C8005E6B14 /* avr.h */,
				739824951E9511C8005E6B14 /* avrwrite.c */,
				739824961E9511C8005E6B14 /* byteorder.c */,
				739824971E9511C8005E6B14 /* byteorder.h */,
				739824981E9511C8005E6B14 /* compression.c */,
				739824991E9511C8005E6B14 /* compression.h */,
				7398249A1E9511C8005E6B14 /* data.c */,
				7398249B1E9511C8005E6B14 /* debug.c */,
				7398249C1E9511C8005E6B14 /* debug.h */,
				7398249D1E9511C8005E6B14 /* error.c */,
				7398249E1E9511C8005E6B14 /* error.h */,
				7398249F1E9511C8005E6B14 /* extended.c */,
				739824A01E9511C8005E6B14 /* extended.h */,
				739824A11E9511C8005E6B14 /* format.c */,
				739824A21E9511C8005E6B14 /* g711.c */,
				739824A31E9511C8005E6B14 /* g711.h */,
				739824A41E9511C8005E6B14 /* iff.c */,
				739824A51E9511C8005E6B14 /* iff.h */,
				739824A61E9511C8005E6B14 /* iffwrite.c */,
				739824A71E9511C8005E6B14 /* instrument.c */,
				739824A81E9511C8005E6B14 /* instrument.h */,
				739824A91E9511C9005E6B14 /* ircam.c */,
				739824AA1E9511C9005E6B14 /* ircam.h */,
				739824AB1E9511C9005E6B14 /* ircamwrite.c */,
				739824AC1E9511C9005E6B14 /* loop.c */,
				739824AF1E9511C9005E6B14 /* marker.c */,
				739824B01E9511C9005E6B14 /* marker.h */,
				739824B11E9511C9005E6B14 /* misc.c */,
				739824B21E9511C9005E6B14 /* modules */,
				739824C21E9511C9005E6B14 /* modules.c */,
				739824C31E9511C9005E6B14 /* modules.h */,
				739824C41E9511C9005E6B14 /* next.c */,
				739824C51E9511C9005E6B14 /* next.h */,
				739824C61E9511C9005E6B14 /* nextwrite.c */,
				739824C71E9511C9005E6B14 /* nist.c */,
				739824C81E9511C9005E6B14 /* nist.h */,
				739824C91E9511C9005E6B14 /* nistwrite.c */,
				739824CA1E9511C9005E6B14 /* openclose.c */,
				739824CB1E9511C9005E6B14 /* pcm.c */,
				739824CC1E9511C9005E6B14 /* pcm.h */,
				739824CD1E9511C9005E6B14 /* print.h */,
				739824CE1E9511C9005E6B14 /* query.c */,
				739824CF1E9511C9005E6B14 /* raw.c */,
				739824D01E9511C9005E6B14 /* raw.h */,
				739824D11E9511C9005E6B14 /* setup.c */,
				739824D21E9511C9005E6B14 /* setup.h */,
				739824D31E9511C9005E6B14 /* track.c */,
				739824D41E9511C9005E6B14 /* track.h */,
				739824D51E9511C9005E6B14 /* units.c */,
				739824D61E9511C9005E6B14 /* units.h */,
				739824D71E9511C9005E6B14 /* util.c */,
				739824D81E9511C9005E6B14 /* util.h */,
				739824D91E9511C9005E6B14 /* wave.c */,
				739824DA1E9511C9005E6B14 /* wave.h */,
				739824DB1E9511C9005E6B14 /* wavewrite.c */,
			);
			path = audiofile;
			sourceTree = "<group>";
		};
		739824B21E9511C9005E6B14 /* modules */ = {
			isa = PBXGroup;
			children = (
				739824B31E9511C9005E6B14 /* adpcm.c */,
				739824B41E9511C9005E6B14 /* adpcm.h */,
				739824B51E9511C9005E6B14 /* g711.c */,
				739824B61E9511C9005E6B14 /* g711.h */,
				739824B71E9511C9005E6B14 /* ima.c */,
				739824B81E9511C9005E6B14 /* ima.h */,
				739824BB1E9511C9005E6B14 /* msadpcm.c */,
				739824BC1E9511C9005E6B14 /* msadpcm.h */,
				739824BD1E9511C9005E6B14 /* pcm.c */,
				739824BE1E9511C9005E6B14 /* pcm.h */,
				739824BF1E9511C9005E6B14 /* rebuffer.c */,
				739824C01E9511C9005E6B14 /* rebuffer.h */,
			);
			name = modules;
			path = audiofile/libaudiofile/modules;
			sourceTree = "<group>";
		};
		739825091E9517DD005E6B14 /* Frameworks */ = {
			isa = PBXGroup;
			children = (
				7398250A1E9517DD005E6B14 /* libz.tbd */,
			);
			name = Frameworks;
			sourceTree = "<group>";
		};
/* End PBXGroup section */

/* Begin PBXNativeTarget section */
		737E99AD1E88401800128149 /* spectrum */ = {
			isa = PBXNativeTarget;
			buildConfigurationList = 737E99B71E88401800128149 /* Build configuration list for PBXNativeTarget "spectrum" */;
			buildPhases = (
				737E99AA1E88401800128149 /* Sources */,
				737E99AB1E88401800128149 /* Frameworks */,
				737E99AC1E88401800128149 /* CopyFiles */,
			);
			buildRules = (
			);
			dependencies = (
			);
			name = spectrum;
			productName = spectrum;
			productReference = 737E99AE1E88401800128149 /* libspectrum.a */;
			productType = "com.apple.product-type.library.static";
		};
/* End PBXNativeTarget section */

/* Begin PBXProject section */
		737E99A61E88401800128149 /* Project object */ = {
			isa = PBXProject;
			attributes = {
				LastUpgradeCheck = 0820;
				ORGANIZATIONNAME = "Gentle Bytes";
				TargetAttributes = {
					737E99AD1E88401800128149 = {
						CreatedOnToolsVersion = 8.2.1;
						DevelopmentTeam = F7N66E384G;
						ProvisioningStyle = Automatic;
					};
				};
			};
			buildConfigurationList = 737E99A91E88401800128149 /* Build configuration list for PBXProject "spectrum" */;
			compatibilityVersion = "Xcode 3.2";
			developmentRegion = English;
			hasScannedForEncodings = 0;
			knownRegions = (
				en,
			);
			mainGroup = 737E99A51E88401800128149;
			productRefGroup = 737E99AF1E88401800128149 /* Products */;
			projectDirPath = "";
			projectRoot = "";
			targets = (
				737E99AD1E88401800128149 /* spectrum */,
			);
		};
/* End PBXProject section */

/* Begin PBXSourcesBuildPhase section */
		737E99AA1E88401800128149 /* Sources */ = {
			isa = PBXSourcesBuildPhase;
			buildActionMask = 2147483647;
			files = (
				739824FF1E9511C9005E6B14 /* pcm.c in Sources */,
				739824EE1E9511C9005E6B14 /* ircam.c in Sources */,
				739824801E93DA8D005E6B14 /* zlib.c in Sources */,
				739824EC1E9511C9005E6B14 /* iffwrite.c in Sources */,
				739825051E9511C9005E6B14 /* util.c in Sources */,
				739824F21E9511C9005E6B14 /* misc.c in Sources */,
				739824F91E9511C9005E6B14 /* modules.c in Sources */,
				739824F01E9511C9005E6B14 /* loop.c in Sources */,
				7398247E1E93DA8D005E6B14 /* z80em.c in Sources */,
				7398247D1E93DA8D005E6B14 /* z80.c in Sources */,
				739825061E9511C9005E6B14 /* wave.c in Sources */,
				739824791E93DA8D005E6B14 /* tzx_write.c in Sources */,
				739824FC1E9511C9005E6B14 /* nist.c in Sources */,
				7398247B1E93DA8D005E6B14 /* warajevo_read.c in Sources */,
				739824691E93DA8D005E6B14 /* snap_accessors.c in Sources */,
				7398247C1E93DA8D005E6B14 /* wav.c in Sources */,
				739824F61E9511C9005E6B14 /* msadpcm.c in Sources */,
				739824F31E9511C9005E6B14 /* adpcm.c in Sources */,
				739824FA1E9511C9005E6B14 /* next.c in Sources */,
				739824EA1E9511C9005E6B14 /* g711.c in Sources */,
				739825071E9511C9005E6B14 /* wavewrite.c in Sources */,
				739824DF1E9511C9005E6B14 /* aiffwrite.c in Sources */,
				7398246E1E93DA8D005E6B14 /* szx.c in Sources */,
				739824631E93DA8D005E6B14 /* glock.c in Sources */,
				739825031E9511C9005E6B14 /* track.c in Sources */,
				739824DC1E9511C9005E6B14 /* aes.c in Sources */,
				739824781E93DA8D005E6B14 /* tzx_read.c in Sources */,
				7398247F1E93DA8D005E6B14 /* zip.c in Sources */,
				739825011E9511C9005E6B14 /* raw.c in Sources */,
				739824771E93DA8D005E6B14 /* timings.c in Sources */,
				739824F71E9511C9005E6B14 /* pcm.c in Sources */,
				739824EB1E9511C9005E6B14 /* iff.c in Sources */,
				7398245C1E93DA8D005E6B14 /* libspectrum.c in Sources */,
				7398246D1E93DA8D005E6B14 /* symbol_table.c in Sources */,
				739824F11E9511C9005E6B14 /* marker.c in Sources */,
				739824F41E9511C9005E6B14 /* g711.c in Sources */,
				739824711E93DA8D005E6B14 /* tape_block.c in Sources */,
				739824661E93DA8D005E6B14 /* pzx_read.c in Sources */,
				739824561E93DA8D005E6B14 /* creator.c in Sources */,
				739825041E9511C9005E6B14 /* units.c in Sources */,
				739824571E93DA8D005E6B14 /* crypto.c in Sources */,
				739825001E9511C9005E6B14 /* query.c in Sources */,
				739824DD1E9511C9005E6B14 /* af_vfs.c in Sources */,
				739824601E93DA8D005E6B14 /* microdrive.c in Sources */,
				7398245B1E93DA8D005E6B14 /* ide.c in Sources */,
				739824621E93DA8D005E6B14 /* ghash.c in Sources */,
				739824651E93DA8D005E6B14 /* plusd.c in Sources */,
				739824F51E9511C9005E6B14 /* ima.c in Sources */,
				739824551E93DA8D005E6B14 /* bzip2.c in Sources */,
				739824E61E9511C9005E6B14 /* debug.c in Sources */,
				739824EF1E9511C9005E6B14 /* ircamwrite.c in Sources */,
				739824681E93DA8D005E6B14 /* sna.c in Sources */,
				739824611E93DA8D005E6B14 /* garray.c in Sources */,
				739824591E93DA8D005E6B14 /* dck.c in Sources */,
				7398246C1E93DA8D005E6B14 /* sp.c in Sources */,
				739824E21E9511C9005E6B14 /* avrwrite.c in Sources */,
				739824E71E9511C9005E6B14 /* error.c in Sources */,
				739824671E93DA8D005E6B14 /* rzx.c in Sources */,
				739824E91E9511C9005E6B14 /* format.c in Sources */,
				739824E11E9511C9005E6B14 /* avr.c in Sources */,
				739824F81E9511C9005E6B14 /* rebuffer.c in Sources */,
				739825021E9511C9005E6B14 /* setup.c in Sources */,
				739824731E93DA8D005E6B14 /* tape.c in Sources */,
				7398245F1E93DA8D005E6B14 /* memory.c in Sources */,
				739824FE1E9511C9005E6B14 /* openclose.c in Sources */,
				739824E41E9511C9005E6B14 /* compression.c in Sources */,
				7398246B1E93DA8D005E6B14 /* snp.c in Sources */,
				7398247A1E93DA8D005E6B14 /* utilities.c in Sources */,
				739824E31E9511C9005E6B14 /* byteorder.c in Sources */,
				739824581E93DA8D005E6B14 /* csw.c in Sources */,
				739824E01E9511C9005E6B14 /* aupv.c in Sources */,
				739824721E93DA8D005E6B14 /* tape_set.c in Sources */,
				739824811E93DA8D005E6B14 /* zxs.c in Sources */,
				7398245D1E93DA8D005E6B14 /* make-perl.c in Sources */,
				739824701E93DA8D005E6B14 /* tape_accessors.c in Sources */,
				739824E81E9511C9005E6B14 /* extended.c in Sources */,
				739824ED1E9511C9005E6B14 /* instrument.c in Sources */,
				7398246F1E93DA8D005E6B14 /* tap.c in Sources */,
				739824DE1E9511C9005E6B14 /* aiff.c in Sources */,
				739824641E93DA8D005E6B14 /* gslist.c in Sources */,
				7398246A1E93DA8D005E6B14 /* snapshot.c in Sources */,
				739824FD1E9511C9005E6B14 /* nistwrite.c in Sources */,
				739824FB1E9511C9005E6B14 /* nextwrite.c in Sources */,
				739824E51E9511C9005E6B14 /* data.c in Sources */,
			);
			runOnlyForDeploymentPostprocessing = 0;
		};
/* End PBXSourcesBuildPhase section */

/* Begin XCBuildConfiguration section */
		737E99B51E88401800128149 /* Debug */ = {
			isa = XCBuildConfiguration;
			buildSettings = {
				ALWAYS_SEARCH_USER_PATHS = NO;
				CLANG_ANALYZER_NONNULL = YES;
				CLANG_CXX_LANGUAGE_STANDARD = "gnu++0x";
				CLANG_CXX_LIBRARY = "libc++";
				CLANG_ENABLE_MODULES = YES;
				CLANG_ENABLE_OBJC_ARC = YES;
				CLANG_WARN_BOOL_CONVERSION = YES;
				CLANG_WARN_CONSTANT_CONVERSION = YES;
				CLANG_WARN_DIRECT_OBJC_ISA_USAGE = YES_ERROR;
				CLANG_WARN_DOCUMENTATION_COMMENTS = YES;
				CLANG_WARN_EMPTY_BODY = YES;
				CLANG_WARN_ENUM_CONVERSION = YES;
				CLANG_WARN_INFINITE_RECURSION = YES;
				CLANG_WARN_INT_CONVERSION = YES;
				CLANG_WARN_OBJC_ROOT_CLASS = YES_ERROR;
				CLANG_WARN_SUSPICIOUS_MOVE = YES;
				CLANG_WARN_UNREACHABLE_CODE = YES;
				CLANG_WARN__DUPLICATE_METHOD_MATCH = YES;
				"CODE_SIGN_IDENTITY[sdk=iphoneos*]" = "iPhone Developer";
				COPY_PHASE_STRIP = NO;
				DEBUG_INFORMATION_FORMAT = dwarf;
				ENABLE_STRICT_OBJC_MSGSEND = YES;
				ENABLE_TESTABILITY = YES;
				GCC_C_LANGUAGE_STANDARD = gnu99;
				GCC_DYNAMIC_NO_PIC = NO;
				GCC_NO_COMMON_BLOCKS = YES;
				GCC_OPTIMIZATION_LEVEL = 0;
				GCC_PREPROCESSOR_DEFINITIONS = (
					"DEBUG=1",
					"$(inherited)",
				);
				GCC_WARN_64_TO_32_BIT_CONVERSION = YES;
				GCC_WARN_ABOUT_RETURN_TYPE = YES_ERROR;
				GCC_WARN_UNDECLARED_SELECTOR = YES;
				GCC_WARN_UNINITIALIZED_AUTOS = YES_AGGRESSIVE;
				GCC_WARN_UNUSED_FUNCTION = YES;
				GCC_WARN_UNUSED_VARIABLE = YES;
				IPHONEOS_DEPLOYMENT_TARGET = 10.2;
				MTL_ENABLE_DEBUG_INFO = YES;
				ONLY_ACTIVE_ARCH = YES;
				SDKROOT = iphoneos;
			};
			name = Debug;
		};
		737E99B61E88401800128149 /* Release */ = {
			isa = XCBuildConfiguration;
			buildSettings = {
				ALWAYS_SEARCH_USER_PATHS = NO;
				CLANG_ANALYZER_NONNULL = YES;
				CLANG_CXX_LANGUAGE_STANDARD = "gnu++0x";
				CLANG_CXX_LIBRARY = "libc++";
				CLANG_ENABLE_MODULES = YES;
				CLANG_ENABLE_OBJC_ARC = YES;
				CLANG_WARN_BOOL_CONVERSION = YES;
				CLANG_WARN_CONSTANT_CONVERSION = YES;
				CLANG_WARN_DIRECT_OBJC_ISA_USAGE = YES_ERROR;
				CLANG_WARN_DOCUMENTATION_COMMENTS = YES;
				CLANG_WARN_EMPTY_BODY = YES;
				CLANG_WARN_ENUM_CONVERSION = YES;
				CLANG_WARN_INFINITE_RECURSION = YES;
				CLANG_WARN_INT_CONVERSION = YES;
				CLANG_WARN_OBJC_ROOT_CLASS = YES_ERROR;
				CLANG_WARN_SUSPICIOUS_MOVE = YES;
				CLANG_WARN_UNREACHABLE_CODE = YES;
				CLANG_WARN__DUPLICATE_METHOD_MATCH = YES;
				"CODE_SIGN_IDENTITY[sdk=iphoneos*]" = "iPhone Developer";
				COPY_PHASE_STRIP = NO;
				DEBUG_INFORMATION_FORMAT = "dwarf-with-dsym";
				ENABLE_NS_ASSERTIONS = NO;
				ENABLE_STRICT_OBJC_MSGSEND = YES;
				GCC_C_LANGUAGE_STANDARD = gnu99;
				GCC_NO_COMMON_BLOCKS = YES;
				GCC_WARN_64_TO_32_BIT_CONVERSION = YES;
				GCC_WARN_ABOUT_RETURN_TYPE = YES_ERROR;
				GCC_WARN_UNDECLARED_SELECTOR = YES;
				GCC_WARN_UNINITIALIZED_AUTOS = YES_AGGRESSIVE;
				GCC_WARN_UNUSED_FUNCTION = YES;
				GCC_WARN_UNUSED_VARIABLE = YES;
				IPHONEOS_DEPLOYMENT_TARGET = 10.2;
				MTL_ENABLE_DEBUG_INFO = NO;
				SDKROOT = iphoneos;
				VALIDATE_PRODUCT = YES;
			};
			name = Release;
		};
		737E99B81E88401800128149 /* Debug */ = {
			isa = XCBuildConfiguration;
			buildSettings = {
				DEVELOPMENT_TEAM = F7N66E384G;
				GCC_PREPROCESSOR_DEFINITIONS = (
					"DEBUG=1",
					"$(inherited)",
					PIC,
					NDEBUG,
					HAVE_CONFIG_H,
				);
				HEADER_SEARCH_PATHS = "\"${PROJECT_DIR}/ZX Spectrum/Common/spectrum\"/**";
				OTHER_LDFLAGS = "-ObjC";
				PRODUCT_NAME = "$(TARGET_NAME)";
				SKIP_INSTALL = YES;
			};
			name = Debug;
		};
		737E99B91E88401800128149 /* Release */ = {
			isa = XCBuildConfiguration;
			buildSettings = {
				DEVELOPMENT_TEAM = F7N66E384G;
				HEADER_SEARCH_PATHS = "\"${PROJECT_DIR}/ZX Spectrum/Common/spectrum\"/**";
				OTHER_LDFLAGS = "-ObjC";
				PRODUCT_NAME = "$(TARGET_NAME)";
				SKIP_INSTALL = YES;
			};
			name = Release;
		};
/* End XCBuildConfiguration section */

/* Begin XCConfigurationList section */
		737E99A91E88401800128149 /* Build configuration list for PBXProject "spectrum" */ = {
			isa = XCConfigurationList;
			buildConfigurations = (
				737E99B51E88401800128149 /* Debug */,
				737E99B61E88401800128149 /* Release */,
			);
			defaultConfigurationIsVisible = 0;
			defaultConfigurationName = Release;
		};
		737E99B71E88401800128149 /* Build configuration list for PBXNativeTarget "spectrum" */ = {
			isa = XCConfigurationList;
			buildConfigurations = (
				737E99B81E88401800128149 /* Debug */,
				737E99B91E88401800128149 /* Release */,
			);
			defaultConfigurationIsVisible = 0;
			defaultConfigurationName = Release;
		};
/* End XCConfigurationList section */
	};
	rootObject = 737E99A61E88401800128149 /* Project object */;
}
