// !$*UTF8*$!
{
	archiveVersion = 1;
	classes = {
	};
	objectVersion = 46;
	objects = {

/* Begin PBXBuildFile section */
		73291ECA1E96637100940801 /* 48.rom in Resources */ = {isa = PBXBuildFile; fileRef = 73291EB51E96637100940801 /* 48.rom */; };
		73291ECB1E96637100940801 /* 128-0.rom in Resources */ = {isa = PBXBuildFile; fileRef = 73291EB61E96637100940801 /* 128-0.rom */; };
		73291ECC1E96637100940801 /* 128-1.rom in Resources */ = {isa = PBXBuildFile; fileRef = 73291EB71E96637100940801 /* 128-1.rom */; };
		73291ECD1E96637100940801 /* plus2-0.rom in Resources */ = {isa = PBXBuildFile; fileRef = 73291EB81E96637100940801 /* plus2-0.rom */; };
		73291ECE1E96637100940801 /* plus2-1.rom in Resources */ = {isa = PBXBuildFile; fileRef = 73291EB91E96637100940801 /* plus2-1.rom */; };
		73291ECF1E96637100940801 /* plus3-0.rom in Resources */ = {isa = PBXBuildFile; fileRef = 73291EBA1E96637100940801 /* plus3-0.rom */; };
		73291ED01E96637100940801 /* plus3-1.rom in Resources */ = {isa = PBXBuildFile; fileRef = 73291EBB1E96637100940801 /* plus3-1.rom */; };
		73291ED11E96637100940801 /* plus3-2.rom in Resources */ = {isa = PBXBuildFile; fileRef = 73291EBC1E96637100940801 /* plus3-2.rom */; };
		73291ED21E96637100940801 /* plus3-3.rom in Resources */ = {isa = PBXBuildFile; fileRef = 73291EBD1E96637100940801 /* plus3-3.rom */; };
		73291ED31E96637100940801 /* plus3e-0.rom in Resources */ = {isa = PBXBuildFile; fileRef = 73291EBE1E96637100940801 /* plus3e-0.rom */; };
		73291ED41E96637100940801 /* plus3e-1.rom in Resources */ = {isa = PBXBuildFile; fileRef = 73291EBF1E96637100940801 /* plus3e-1.rom */; };
		73291ED51E96637100940801 /* plus3e-2.rom in Resources */ = {isa = PBXBuildFile; fileRef = 73291EC01E96637100940801 /* plus3e-2.rom */; };
		73291ED61E96637100940801 /* plus3e-3.rom in Resources */ = {isa = PBXBuildFile; fileRef = 73291EC11E96637100940801 /* plus3e-3.rom */; };
		73291ED71E96637100940801 /* plusd.rom in Resources */ = {isa = PBXBuildFile; fileRef = 73291EC21E96637100940801 /* plusd.rom */; };
		73291ED81E96637100940801 /* disciple.rom in Resources */ = {isa = PBXBuildFile; fileRef = 73291EC31E96637100940801 /* disciple.rom */; };
		73291ED91E96637100940801 /* se-0.rom in Resources */ = {isa = PBXBuildFile; fileRef = 73291EC41E96637100940801 /* se-0.rom */; };
		73291EDA1E96637100940801 /* se-1.rom in Resources */ = {isa = PBXBuildFile; fileRef = 73291EC51E96637100940801 /* se-1.rom */; };
		73291EDB1E96637100940801 /* speccyboot-1.4.rom in Resources */ = {isa = PBXBuildFile; fileRef = 73291EC61E96637100940801 /* speccyboot-1.4.rom */; };
		73291EDC1E96637100940801 /* tc2048.rom in Resources */ = {isa = PBXBuildFile; fileRef = 73291EC71E96637100940801 /* tc2048.rom */; };
		73291EDD1E96637100940801 /* tc2068-0.rom in Resources */ = {isa = PBXBuildFile; fileRef = 73291EC81E96637100940801 /* tc2068-0.rom */; };
		73291EDE1E96637100940801 /* tc2068-1.rom in Resources */ = {isa = PBXBuildFile; fileRef = 73291EC91E96637100940801 /* tc2068-1.rom */; };
		7337874F1E9BE43F00C5C363 /* SpectrumDisplayController.m in Sources */ = {isa = PBXBuildFile; fileRef = 7337874E1E9BE43F00C5C363 /* SpectrumDisplayController.m */; };
		733787541E9CE36C00C5C363 /* ToolbarView.swift in Sources */ = {isa = PBXBuildFile; fileRef = 733787531E9CE36C00C5C363 /* ToolbarView.swift */; };
		733787571E9CE99300C5C363 /* SpectrumInputController.m in Sources */ = {isa = PBXBuildFile; fileRef = 733787561E9CE99300C5C363 /* SpectrumInputController.m */; };
		736493311EA4CE7200EE697F /* Model.xcdatamodeld in Sources */ = {isa = PBXBuildFile; fileRef = 7364932F1EA4CE7200EE697F /* Model.xcdatamodeld */; };
		736493351EA4CEA100EE697F /* Managed.swift in Sources */ = {isa = PBXBuildFile; fileRef = 736493341EA4CEA100EE697F /* Managed.swift */; };
		736493371EA4D02D00EE697F /* FileObject.swift in Sources */ = {isa = PBXBuildFile; fileRef = 736493361EA4D02D00EE697F /* FileObject.swift */; };
		736493391EA54B0D00EE697F /* Database.swift in Sources */ = {isa = PBXBuildFile; fileRef = 736493381EA54B0D00EE697F /* Database.swift */; };
		7364933B1EA54B2F00EE697F /* Logger.swift in Sources */ = {isa = PBXBuildFile; fileRef = 7364933A1EA54B2F00EE697F /* Logger.swift */; };
		7364933D1EA54B6E00EE697F /* Functions.swift in Sources */ = {isa = PBXBuildFile; fileRef = 7364933C1EA54B6E00EE697F /* Functions.swift */; };
		736493411EA5518200EE697F /* DependencyInjection.swift in Sources */ = {isa = PBXBuildFile; fileRef = 7364933F1EA5518200EE697F /* DependencyInjection.swift */; };
		736493421EA5518200EE697F /* PersistentContainerConsumer.swift in Sources */ = {isa = PBXBuildFile; fileRef = 736493401EA5518200EE697F /* PersistentContainerConsumer.swift */; };
		737B56DD1EA3CE9F00A260B9 /* SwiftRichString.framework in Frameworks */ = {isa = PBXBuildFile; fileRef = 737B56D61EA3CE7400A260B9 /* SwiftRichString.framework */; };
		737B56DE1EA3CE9F00A260B9 /* SwiftRichString.framework in Embed Frameworks */ = {isa = PBXBuildFile; fileRef = 737B56D61EA3CE7400A260B9 /* SwiftRichString.framework */; settings = {ATTRIBUTES = (CodeSignOnCopy, RemoveHeadersOnCopy, ); }; };
		737B56E21EA3CEAB00A260B9 /* GCDWebServers.framework in Frameworks */ = {isa = PBXBuildFile; fileRef = 737B56C71EA3CE6B00A260B9 /* GCDWebServers.framework */; };
		737B56E31EA3CEAB00A260B9 /* GCDWebServers.framework in Embed Frameworks */ = {isa = PBXBuildFile; fileRef = 737B56C71EA3CE6B00A260B9 /* GCDWebServers.framework */; settings = {ATTRIBUTES = (CodeSignOnCopy, RemoveHeadersOnCopy, ); }; };
		737B56E61EA3CEAB00A260B9 /* Bond.framework in Frameworks */ = {isa = PBXBuildFile; fileRef = 737B56AB1EA3CE6600A260B9 /* Bond.framework */; };
		737B56E71EA3CEAB00A260B9 /* Bond.framework in Embed Frameworks */ = {isa = PBXBuildFile; fileRef = 737B56AB1EA3CE6600A260B9 /* Bond.framework */; settings = {ATTRIBUTES = (CodeSignOnCopy, RemoveHeadersOnCopy, ); }; };
		737B56FD1EA4009900A260B9 /* UIViewController+ZXSpectrum.swift in Sources */ = {isa = PBXBuildFile; fileRef = 737B56FC1EA4009900A260B9 /* UIViewController+ZXSpectrum.swift */; };
		737B56FF1EA4033B00A260B9 /* UIGestureRecognizer+ZXSpectrum.swift in Sources */ = {isa = PBXBuildFile; fileRef = 737B56FE1EA4033B00A260B9 /* UIGestureRecognizer+ZXSpectrum.swift */; };
		737B57041EA4122A00A260B9 /* FilesViewController.swift in Sources */ = {isa = PBXBuildFile; fileRef = 737B57031EA4122A00A260B9 /* FilesViewController.swift */; };
		737E93771E87D10E00128149 /* Main.storyboard in Resources */ = {isa = PBXBuildFile; fileRef = 737E93751E87D10E00128149 /* Main.storyboard */; };
		737E93791E87D10E00128149 /* Assets.xcassets in Resources */ = {isa = PBXBuildFile; fileRef = 737E93781E87D10E00128149 /* Assets.xcassets */; };
		737E93881E87D19D00128149 /* AppDelegate.swift in Sources */ = {isa = PBXBuildFile; fileRef = 737E93861E87D19D00128149 /* AppDelegate.swift */; };
		737E93891E87D19D00128149 /* EmulatorViewController.swift in Sources */ = {isa = PBXBuildFile; fileRef = 737E93871E87D19D00128149 /* EmulatorViewController.swift */; };
		739824841E93DC99005E6B14 /* libspectrum.a in Frameworks */ = {isa = PBXBuildFile; fileRef = 737E99BF1E88401900128149 /* libspectrum.a */; };
		73DA64E81EA559D3008832AA /* Safari.tzx in Resources */ = {isa = PBXBuildFile; fileRef = 73DA64E71EA559D3008832AA /* Safari.tzx */; };
		73DA64EA1EA55E81008832AA /* FilesViewController+Bond.swift in Sources */ = {isa = PBXBuildFile; fileRef = 73DA64E91EA55E81008832AA /* FilesViewController+Bond.swift */; };
		73DA64EC1EA56085008832AA /* Configurable.swift in Sources */ = {isa = PBXBuildFile; fileRef = 73DA64EB1EA56085008832AA /* Configurable.swift */; };
		73DA64EE1EA5611E008832AA /* FileCollectionViewCell.swift in Sources */ = {isa = PBXBuildFile; fileRef = 73DA64ED1EA5611E008832AA /* FileCollectionViewCell.swift */; };
		73DA64F41EA60485008832AA /* WebServer.swift in Sources */ = {isa = PBXBuildFile; fileRef = 73DA64F31EA60485008832AA /* WebServer.swift */; };
		73DA64F61EA60627008832AA /* UIResponder+ZXSpectrum.swift in Sources */ = {isa = PBXBuildFile; fileRef = 73DA64F51EA60627008832AA /* UIResponder+ZXSpectrum.swift */; };
		73DA64F81EA613EF008832AA /* FileManager+ZXSpectrum.swift in Sources */ = {isa = PBXBuildFile; fileRef = 73DA64F71EA613EF008832AA /* FileManager+ZXSpectrum.swift */; };
		73DF22F31E997501002FA042 /* SpectrumScreenView.swift in Sources */ = {isa = PBXBuildFile; fileRef = 73DF22F21E997501002FA042 /* SpectrumScreenView.swift */; };
		73DF22F51E997510002FA042 /* SpectrumPalette.swift in Sources */ = {isa = PBXBuildFile; fileRef = 73DF22F41E997510002FA042 /* SpectrumPalette.swift */; };
		73E0F5F21E9FBC40003F8F4D /* ZX48KeyboardView.swift in Sources */ = {isa = PBXBuildFile; fileRef = 73E0F5F11E9FBC40003F8F4D /* ZX48KeyboardView.swift */; };
		73E0F5F51E9FBC81003F8F4D /* ZX48KeyboardStyleKit.swift in Sources */ = {isa = PBXBuildFile; fileRef = 73E0F5F41E9FBC81003F8F4D /* ZX48KeyboardStyleKit.swift */; };
/* End PBXBuildFile section */

/* Begin PBXContainerItemProxy section */
		737B56AA1EA3CE6600A260B9 /* PBXContainerItemProxy */ = {
			isa = PBXContainerItemProxy;
			containerPortal = 737B56A01EA3CE6500A260B9 /* Bond.xcodeproj */;
			proxyType = 2;
			remoteGlobalIDString = 16210A3C1D3EC474004AEDF3;
			remoteInfo = "Bond-iOS";
		};
		737B56AC1EA3CE6600A260B9 /* PBXContainerItemProxy */ = {
			isa = PBXContainerItemProxy;
			containerPortal = 737B56A01EA3CE6500A260B9 /* Bond.xcodeproj */;
			proxyType = 2;
			remoteGlobalIDString = 16D30EAE1D6591D300C2435D;
			remoteInfo = "Bond-macOS";
		};
		737B56AE1EA3CE6600A260B9 /* PBXContainerItemProxy */ = {
			isa = PBXContainerItemProxy;
			containerPortal = 737B56A01EA3CE6500A260B9 /* Bond.xcodeproj */;
			proxyType = 2;
			remoteGlobalIDString = 16D30ED61D65D11900C2435D;
			remoteInfo = "Bond-tvOS";
		};
		737B56B01EA3CE6600A260B9 /* PBXContainerItemProxy */ = {
			isa = PBXContainerItemProxy;
			containerPortal = 737B56A01EA3CE6500A260B9 /* Bond.xcodeproj */;
			proxyType = 2;
			remoteGlobalIDString = 16210A451D3EC474004AEDF3;
			remoteInfo = BondTests;
		};
		737B56B21EA3CE6600A260B9 /* PBXContainerItemProxy */ = {
			isa = PBXContainerItemProxy;
			containerPortal = 737B56A01EA3CE6500A260B9 /* Bond.xcodeproj */;
			proxyType = 2;
			remoteGlobalIDString = 16887E371D744ABB00EDA099;
			remoteInfo = "Bond-App";
		};
		737B56C01EA3CE6B00A260B9 /* PBXContainerItemProxy */ = {
			isa = PBXContainerItemProxy;
			containerPortal = 737B56B51EA3CE6B00A260B9 /* GCDWebServer.xcodeproj */;
			proxyType = 2;
			remoteGlobalIDString = 8DD76FB20486AB0100D96B5E;
			remoteInfo = "GCDWebServer (Mac)";
		};
		737B56C21EA3CE6B00A260B9 /* PBXContainerItemProxy */ = {
			isa = PBXContainerItemProxy;
			containerPortal = 737B56B51EA3CE6B00A260B9 /* GCDWebServer.xcodeproj */;
			proxyType = 2;
			remoteGlobalIDString = E2DDD1F61BE69EE4002CE867;
			remoteInfo = "GCDWebServer (iOS)";
		};
		737B56C41EA3CE6B00A260B9 /* PBXContainerItemProxy */ = {
			isa = PBXContainerItemProxy;
			containerPortal = 737B56B51EA3CE6B00A260B9 /* GCDWebServer.xcodeproj */;
			proxyType = 2;
			remoteGlobalIDString = E2DDD1C71BE698A8002CE867;
			remoteInfo = "GCDWebServer (tvOS)";
		};
		737B56C61EA3CE6B00A260B9 /* PBXContainerItemProxy */ = {
			isa = PBXContainerItemProxy;
			containerPortal = 737B56B51EA3CE6B00A260B9 /* GCDWebServer.xcodeproj */;
			proxyType = 2;
			remoteGlobalIDString = CEE28CD11AE004D800F4023C;
			remoteInfo = "GCDWebServers (Mac)";
		};
		737B56C81EA3CE6B00A260B9 /* PBXContainerItemProxy */ = {
			isa = PBXContainerItemProxy;
			containerPortal = 737B56B51EA3CE6B00A260B9 /* GCDWebServer.xcodeproj */;
			proxyType = 2;
			remoteGlobalIDString = CEE28CEF1AE0051F00F4023C;
			remoteInfo = "GCDWebServers (iOS)";
		};
		737B56CA1EA3CE6B00A260B9 /* PBXContainerItemProxy */ = {
			isa = PBXContainerItemProxy;
			containerPortal = 737B56B51EA3CE6B00A260B9 /* GCDWebServer.xcodeproj */;
			proxyType = 2;
			remoteGlobalIDString = E2DDD18B1BE69404002CE867;
			remoteInfo = "GCDWebServers (tvOS)";
		};
		737B56CC1EA3CE6B00A260B9 /* PBXContainerItemProxy */ = {
			isa = PBXContainerItemProxy;
			containerPortal = 737B56B51EA3CE6B00A260B9 /* GCDWebServer.xcodeproj */;
			proxyType = 2;
			remoteGlobalIDString = E24039251BA09207000B7089;
			remoteInfo = "Tests (Mac)";
		};
		737B56D51EA3CE7400A260B9 /* PBXContainerItemProxy */ = {
			isa = PBXContainerItemProxy;
			containerPortal = 737B56CE1EA3CE7400A260B9 /* SwiftRichString.xcodeproj */;
			proxyType = 2;
			remoteGlobalIDString = 084347831DF982B500D4AB24;
			remoteInfo = SwiftRichString;
		};
		737B56D71EA3CE7400A260B9 /* PBXContainerItemProxy */ = {
			isa = PBXContainerItemProxy;
			containerPortal = 737B56CE1EA3CE7400A260B9 /* SwiftRichString.xcodeproj */;
			proxyType = 2;
			remoteGlobalIDString = 081833371DFAF4F40076E9EE;
			remoteInfo = "SwiftRichString tvOS";
		};
		737B56D91EA3CE7400A260B9 /* PBXContainerItemProxy */ = {
			isa = PBXContainerItemProxy;
			containerPortal = 737B56CE1EA3CE7400A260B9 /* SwiftRichString.xcodeproj */;
			proxyType = 2;
			remoteGlobalIDString = 0843478C1DF982B500D4AB24;
			remoteInfo = SwiftRichStringTests;
		};
		737B56DB1EA3CE7400A260B9 /* PBXContainerItemProxy */ = {
			isa = PBXContainerItemProxy;
			containerPortal = 737B56CE1EA3CE7400A260B9 /* SwiftRichString.xcodeproj */;
			proxyType = 2;
			remoteGlobalIDString = 081833091DF993FF0076E9EE;
			remoteInfo = DemoApp;
		};
		737B56DF1EA3CE9F00A260B9 /* PBXContainerItemProxy */ = {
			isa = PBXContainerItemProxy;
			containerPortal = 737B56CE1EA3CE7400A260B9 /* SwiftRichString.xcodeproj */;
			proxyType = 1;
			remoteGlobalIDString = 084347821DF982B500D4AB24;
			remoteInfo = SwiftRichString;
		};
		737B56E41EA3CEAB00A260B9 /* PBXContainerItemProxy */ = {
			isa = PBXContainerItemProxy;
			containerPortal = 737B56B51EA3CE6B00A260B9 /* GCDWebServer.xcodeproj */;
			proxyType = 1;
			remoteGlobalIDString = CEE28CD01AE004D800F4023C;
			remoteInfo = "GCDWebServers (Mac)";
		};
		737B56E81EA3CEAB00A260B9 /* PBXContainerItemProxy */ = {
			isa = PBXContainerItemProxy;
			containerPortal = 737B56A01EA3CE6500A260B9 /* Bond.xcodeproj */;
			proxyType = 1;
			remoteGlobalIDString = 16210A3B1D3EC474004AEDF3;
			remoteInfo = "Bond-iOS";
		};
		737E99BE1E88401900128149 /* PBXContainerItemProxy */ = {
			isa = PBXContainerItemProxy;
			containerPortal = 737E99BA1E88401800128149 /* spectrum.xcodeproj */;
			proxyType = 2;
			remoteGlobalIDString = 737E99AE1E88401800128149;
			remoteInfo = spectrum;
		};
/* End PBXContainerItemProxy section */

/* Begin PBXCopyFilesBuildPhase section */
		737B56E11EA3CEA000A260B9 /* Embed Frameworks */ = {
			isa = PBXCopyFilesBuildPhase;
			buildActionMask = 2147483647;
			dstPath = "";
			dstSubfolderSpec = 10;
			files = (
				737B56E71EA3CEAB00A260B9 /* Bond.framework in Embed Frameworks */,
				737B56DE1EA3CE9F00A260B9 /* SwiftRichString.framework in Embed Frameworks */,
				737B56E31EA3CEAB00A260B9 /* GCDWebServers.framework in Embed Frameworks */,
			);
			name = "Embed Frameworks";
			runOnlyForDeploymentPostprocessing = 0;
		};
/* End PBXCopyFilesBuildPhase section */

/* Begin PBXFileReference section */
		73291EB51E96637100940801 /* 48.rom */ = {isa = PBXFileReference; lastKnownFileType = file; name = 48.rom; path = ../Common/spectrum/spectrum/fuse/roms/48.rom; sourceTree = "<group>"; };
		73291EB61E96637100940801 /* 128-0.rom */ = {isa = PBXFileReference; lastKnownFileType = file; name = "128-0.rom"; path = "../Common/spectrum/spectrum/fuse/roms/128-0.rom"; sourceTree = "<group>"; };
		73291EB71E96637100940801 /* 128-1.rom */ = {isa = PBXFileReference; lastKnownFileType = file; name = "128-1.rom"; path = "../Common/spectrum/spectrum/fuse/roms/128-1.rom"; sourceTree = "<group>"; };
		73291EB81E96637100940801 /* plus2-0.rom */ = {isa = PBXFileReference; lastKnownFileType = file; name = "plus2-0.rom"; path = "../Common/spectrum/spectrum/fuse/roms/plus2-0.rom"; sourceTree = "<group>"; };
		73291EB91E96637100940801 /* plus2-1.rom */ = {isa = PBXFileReference; lastKnownFileType = file; name = "plus2-1.rom"; path = "../Common/spectrum/spectrum/fuse/roms/plus2-1.rom"; sourceTree = "<group>"; };
		73291EBA1E96637100940801 /* plus3-0.rom */ = {isa = PBXFileReference; lastKnownFileType = file; name = "plus3-0.rom"; path = "../Common/spectrum/spectrum/fuse/roms/plus3-0.rom"; sourceTree = "<group>"; };
		73291EBB1E96637100940801 /* plus3-1.rom */ = {isa = PBXFileReference; lastKnownFileType = file; name = "plus3-1.rom"; path = "../Common/spectrum/spectrum/fuse/roms/plus3-1.rom"; sourceTree = "<group>"; };
		73291EBC1E96637100940801 /* plus3-2.rom */ = {isa = PBXFileReference; lastKnownFileType = file; name = "plus3-2.rom"; path = "../Common/spectrum/spectrum/fuse/roms/plus3-2.rom"; sourceTree = "<group>"; };
		73291EBD1E96637100940801 /* plus3-3.rom */ = {isa = PBXFileReference; lastKnownFileType = file; name = "plus3-3.rom"; path = "../Common/spectrum/spectrum/fuse/roms/plus3-3.rom"; sourceTree = "<group>"; };
		73291EBE1E96637100940801 /* plus3e-0.rom */ = {isa = PBXFileReference; lastKnownFileType = file; name = "plus3e-0.rom"; path = "../Common/spectrum/spectrum/fuse/roms/plus3e-0.rom"; sourceTree = "<group>"; };
		73291EBF1E96637100940801 /* plus3e-1.rom */ = {isa = PBXFileReference; lastKnownFileType = file; name = "plus3e-1.rom"; path = "../Common/spectrum/spectrum/fuse/roms/plus3e-1.rom"; sourceTree = "<group>"; };
		73291EC01E96637100940801 /* plus3e-2.rom */ = {isa = PBXFileReference; lastKnownFileType = file; name = "plus3e-2.rom"; path = "../Common/spectrum/spectrum/fuse/roms/plus3e-2.rom"; sourceTree = "<group>"; };
		73291EC11E96637100940801 /* plus3e-3.rom */ = {isa = PBXFileReference; lastKnownFileType = file; name = "plus3e-3.rom"; path = "../Common/spectrum/spectrum/fuse/roms/plus3e-3.rom"; sourceTree = "<group>"; };
		73291EC21E96637100940801 /* plusd.rom */ = {isa = PBXFileReference; lastKnownFileType = file; name = plusd.rom; path = ../Common/spectrum/spectrum/fuse/roms/plusd.rom; sourceTree = "<group>"; };
		73291EC31E96637100940801 /* disciple.rom */ = {isa = PBXFileReference; lastKnownFileType = file; name = disciple.rom; path = ../Common/spectrum/spectrum/fuse/roms/disciple.rom; sourceTree = "<group>"; };
		73291EC41E96637100940801 /* se-0.rom */ = {isa = PBXFileReference; lastKnownFileType = file; name = "se-0.rom"; path = "../Common/spectrum/spectrum/fuse/roms/se-0.rom"; sourceTree = "<group>"; };
		73291EC51E96637100940801 /* se-1.rom */ = {isa = PBXFileReference; lastKnownFileType = file; name = "se-1.rom"; path = "../Common/spectrum/spectrum/fuse/roms/se-1.rom"; sourceTree = "<group>"; };
		73291EC61E96637100940801 /* speccyboot-1.4.rom */ = {isa = PBXFileReference; lastKnownFileType = file; name = "speccyboot-1.4.rom"; path = "../Common/spectrum/spectrum/fuse/roms/speccyboot-1.4.rom"; sourceTree = "<group>"; };
		73291EC71E96637100940801 /* tc2048.rom */ = {isa = PBXFileReference; lastKnownFileType = file; name = tc2048.rom; path = ../Common/spectrum/spectrum/fuse/roms/tc2048.rom; sourceTree = "<group>"; };
		73291EC81E96637100940801 /* tc2068-0.rom */ = {isa = PBXFileReference; lastKnownFileType = file; name = "tc2068-0.rom"; path = "../Common/spectrum/spectrum/fuse/roms/tc2068-0.rom"; sourceTree = "<group>"; };
		73291EC91E96637100940801 /* tc2068-1.rom */ = {isa = PBXFileReference; lastKnownFileType = file; name = "tc2068-1.rom"; path = "../Common/spectrum/spectrum/fuse/roms/tc2068-1.rom"; sourceTree = "<group>"; };
		7337874D1E9BE43F00C5C363 /* SpectrumDisplayController.h */ = {isa = PBXFileReference; fileEncoding = 4; lastKnownFileType = sourcecode.c.h; path = SpectrumDisplayController.h; sourceTree = "<group>"; };
		7337874E1E9BE43F00C5C363 /* SpectrumDisplayController.m */ = {isa = PBXFileReference; fileEncoding = 4; lastKnownFileType = sourcecode.c.objc; path = SpectrumDisplayController.m; sourceTree = "<group>"; };
		733787531E9CE36C00C5C363 /* ToolbarView.swift */ = {isa = PBXFileReference; fileEncoding = 4; lastKnownFileType = sourcecode.swift; path = ToolbarView.swift; sourceTree = "<group>"; };
		733787551E9CE99300C5C363 /* SpectrumInputController.h */ = {isa = PBXFileReference; fileEncoding = 4; lastKnownFileType = sourcecode.c.h; path = SpectrumInputController.h; sourceTree = "<group>"; };
		733787561E9CE99300C5C363 /* SpectrumInputController.m */ = {isa = PBXFileReference; fileEncoding = 4; lastKnownFileType = sourcecode.c.objc; path = SpectrumInputController.m; sourceTree = "<group>"; };
		736493301EA4CE7200EE697F /* Model.xcdatamodel */ = {isa = PBXFileReference; lastKnownFileType = wrapper.xcdatamodel; path = Model.xcdatamodel; sourceTree = "<group>"; };
		736493341EA4CEA100EE697F /* Managed.swift */ = {isa = PBXFileReference; fileEncoding = 4; lastKnownFileType = sourcecode.swift; path = Managed.swift; sourceTree = "<group>"; };
		736493361EA4D02D00EE697F /* FileObject.swift */ = {isa = PBXFileReference; fileEncoding = 4; lastKnownFileType = sourcecode.swift; path = FileObject.swift; sourceTree = "<group>"; };
		736493381EA54B0D00EE697F /* Database.swift */ = {isa = PBXFileReference; fileEncoding = 4; lastKnownFileType = sourcecode.swift; path = Database.swift; sourceTree = "<group>"; };
		7364933A1EA54B2F00EE697F /* Logger.swift */ = {isa = PBXFileReference; fileEncoding = 4; lastKnownFileType = sourcecode.swift; path = Logger.swift; sourceTree = "<group>"; };
		7364933C1EA54B6E00EE697F /* Functions.swift */ = {isa = PBXFileReference; fileEncoding = 4; lastKnownFileType = sourcecode.swift; path = Functions.swift; sourceTree = "<group>"; };
		7364933F1EA5518200EE697F /* DependencyInjection.swift */ = {isa = PBXFileReference; fileEncoding = 4; lastKnownFileType = sourcecode.swift; path = DependencyInjection.swift; sourceTree = "<group>"; };
		736493401EA5518200EE697F /* PersistentContainerConsumer.swift */ = {isa = PBXFileReference; fileEncoding = 4; lastKnownFileType = sourcecode.swift; path = PersistentContainerConsumer.swift; sourceTree = "<group>"; };
		737B56A01EA3CE6500A260B9 /* Bond.xcodeproj */ = {isa = PBXFileReference; lastKnownFileType = "wrapper.pb-project"; name = Bond.xcodeproj; path = Carthage/Checkouts/Bond/Bond.xcodeproj; sourceTree = SOURCE_ROOT; };
		737B56B51EA3CE6B00A260B9 /* GCDWebServer.xcodeproj */ = {isa = PBXFileReference; lastKnownFileType = "wrapper.pb-project"; name = GCDWebServer.xcodeproj; path = Carthage/Checkouts/GCDWebServer/GCDWebServer.xcodeproj; sourceTree = SOURCE_ROOT; };
		737B56CE1EA3CE7400A260B9 /* SwiftRichString.xcodeproj */ = {isa = PBXFileReference; lastKnownFileType = "wrapper.pb-project"; name = SwiftRichString.xcodeproj; path = Carthage/Checkouts/SwiftRichString/SwiftRichString/SwiftRichString.xcodeproj; sourceTree = SOURCE_ROOT; };
		737B56FC1EA4009900A260B9 /* UIViewController+ZXSpectrum.swift */ = {isa = PBXFileReference; fileEncoding = 4; lastKnownFileType = sourcecode.swift; path = "UIViewController+ZXSpectrum.swift"; sourceTree = "<group>"; };
		737B56FE1EA4033B00A260B9 /* UIGestureRecognizer+ZXSpectrum.swift */ = {isa = PBXFileReference; fileEncoding = 4; lastKnownFileType = sourcecode.swift; path = "UIGestureRecognizer+ZXSpectrum.swift"; sourceTree = "<group>"; };
		737B57031EA4122A00A260B9 /* FilesViewController.swift */ = {isa = PBXFileReference; fileEncoding = 4; lastKnownFileType = sourcecode.swift; path = FilesViewController.swift; sourceTree = "<group>"; };
		737E936E1E87D10E00128149 /* ZX Spectrum.app */ = {isa = PBXFileReference; explicitFileType = wrapper.application; includeInIndex = 0; path = "ZX Spectrum.app"; sourceTree = BUILT_PRODUCTS_DIR; };
		737E93761E87D10E00128149 /* Base */ = {isa = PBXFileReference; lastKnownFileType = file.storyboard; name = Base; path = Base.lproj/Main.storyboard; sourceTree = "<group>"; };
		737E93781E87D10E00128149 /* Assets.xcassets */ = {isa = PBXFileReference; lastKnownFileType = folder.assetcatalog; name = Assets.xcassets; path = ../Assets.xcassets; sourceTree = "<group>"; };
		737E937B1E87D10E00128149 /* Base */ = {isa = PBXFileReference; lastKnownFileType = file.storyboard; name = Base; path = Base.lproj/LaunchScreen.storyboard; sourceTree = "<group>"; };
		737E937D1E87D10E00128149 /* Info.plist */ = {isa = PBXFileReference; lastKnownFileType = text.plist.xml; name = Info.plist; path = ../Info.plist; sourceTree = "<group>"; };
		737E93861E87D19D00128149 /* AppDelegate.swift */ = {isa = PBXFileReference; fileEncoding = 4; lastKnownFileType = sourcecode.swift; path = AppDelegate.swift; sourceTree = "<group>"; };
		737E93871E87D19D00128149 /* EmulatorViewController.swift */ = {isa = PBXFileReference; fileEncoding = 4; lastKnownFileType = sourcecode.swift; path = EmulatorViewController.swift; sourceTree = "<group>"; };
		737E99BA1E88401800128149 /* spectrum.xcodeproj */ = {isa = PBXFileReference; lastKnownFileType = "wrapper.pb-project"; name = spectrum.xcodeproj; path = "ZX Spectrum/Common/spectrum/spectrum.xcodeproj"; sourceTree = SOURCE_ROOT; };
		739824831E93DB71005E6B14 /* BridgingHeader.h */ = {isa = PBXFileReference; lastKnownFileType = sourcecode.c.h; name = BridgingHeader.h; path = ../BridgingHeader.h; sourceTree = "<group>"; };
		73DA64E71EA559D3008832AA /* Safari.tzx */ = {isa = PBXFileReference; lastKnownFileType = file; path = Safari.tzx; sourceTree = "<group>"; };
		73DA64E91EA55E81008832AA /* FilesViewController+Bond.swift */ = {isa = PBXFileReference; fileEncoding = 4; lastKnownFileType = sourcecode.swift; path = "FilesViewController+Bond.swift"; sourceTree = "<group>"; };
		73DA64EB1EA56085008832AA /* Configurable.swift */ = {isa = PBXFileReference; fileEncoding = 4; lastKnownFileType = sourcecode.swift; path = Configurable.swift; sourceTree = "<group>"; };
		73DA64ED1EA5611E008832AA /* FileCollectionViewCell.swift */ = {isa = PBXFileReference; fileEncoding = 4; lastKnownFileType = sourcecode.swift; path = FileCollectionViewCell.swift; sourceTree = "<group>"; };
		73DA64F31EA60485008832AA /* WebServer.swift */ = {isa = PBXFileReference; fileEncoding = 4; lastKnownFileType = sourcecode.swift; path = WebServer.swift; sourceTree = "<group>"; };
		73DA64F51EA60627008832AA /* UIResponder+ZXSpectrum.swift */ = {isa = PBXFileReference; fileEncoding = 4; lastKnownFileType = sourcecode.swift; path = "UIResponder+ZXSpectrum.swift"; sourceTree = "<group>"; };
		73DA64F71EA613EF008832AA /* FileManager+ZXSpectrum.swift */ = {isa = PBXFileReference; fileEncoding = 4; lastKnownFileType = sourcecode.swift; path = "FileManager+ZXSpectrum.swift"; sourceTree = "<group>"; };
		73DF22F21E997501002FA042 /* SpectrumScreenView.swift */ = {isa = PBXFileReference; fileEncoding = 4; lastKnownFileType = sourcecode.swift; path = SpectrumScreenView.swift; sourceTree = "<group>"; };
		73DF22F41E997510002FA042 /* SpectrumPalette.swift */ = {isa = PBXFileReference; fileEncoding = 4; lastKnownFileType = sourcecode.swift; path = SpectrumPalette.swift; sourceTree = "<group>"; };
		73E0F5F11E9FBC40003F8F4D /* ZX48KeyboardView.swift */ = {isa = PBXFileReference; fileEncoding = 4; lastKnownFileType = sourcecode.swift; path = ZX48KeyboardView.swift; sourceTree = "<group>"; };
		73E0F5F41E9FBC81003F8F4D /* ZX48KeyboardStyleKit.swift */ = {isa = PBXFileReference; fileEncoding = 4; lastKnownFileType = sourcecode.swift; path = ZX48KeyboardStyleKit.swift; sourceTree = "<group>"; };
/* End PBXFileReference section */

/* Begin PBXFrameworksBuildPhase section */
		737E936B1E87D10E00128149 /* Frameworks */ = {
			isa = PBXFrameworksBuildPhase;
			buildActionMask = 2147483647;
			files = (
				739824841E93DC99005E6B14 /* libspectrum.a in Frameworks */,
				737B56E21EA3CEAB00A260B9 /* GCDWebServers.framework in Frameworks */,
				737B56DD1EA3CE9F00A260B9 /* SwiftRichString.framework in Frameworks */,
				737B56E61EA3CEAB00A260B9 /* Bond.framework in Frameworks */,
			);
			runOnlyForDeploymentPostprocessing = 0;
		};
/* End PBXFrameworksBuildPhase section */

/* Begin PBXGroup section */
		73291EB31E96635A00940801 /* ROMS */ = {
			isa = PBXGroup;
			children = (
				73291EB51E96637100940801 /* 48.rom */,
				73291EB61E96637100940801 /* 128-0.rom */,
				73291EB71E96637100940801 /* 128-1.rom */,
				73291EB81E96637100940801 /* plus2-0.rom */,
				73291EB91E96637100940801 /* plus2-1.rom */,
				73291EBA1E96637100940801 /* plus3-0.rom */,
				73291EBB1E96637100940801 /* plus3-1.rom */,
				73291EBC1E96637100940801 /* plus3-2.rom */,
				73291EBD1E96637100940801 /* plus3-3.rom */,
				73291EBE1E96637100940801 /* plus3e-0.rom */,
				73291EBF1E96637100940801 /* plus3e-1.rom */,
				73291EC01E96637100940801 /* plus3e-2.rom */,
				73291EC11E96637100940801 /* plus3e-3.rom */,
				73291EC21E96637100940801 /* plusd.rom */,
				73291EC31E96637100940801 /* disciple.rom */,
				73291EC41E96637100940801 /* se-0.rom */,
				73291EC51E96637100940801 /* se-1.rom */,
				73291EC61E96637100940801 /* speccyboot-1.4.rom */,
				73291EC71E96637100940801 /* tc2048.rom */,
				73291EC81E96637100940801 /* tc2068-0.rom */,
				73291EC91E96637100940801 /* tc2068-1.rom */,
			);
			name = ROMS;
			sourceTree = "<group>";
		};
		733787521E9CE34E00C5C363 /* View */ = {
			isa = PBXGroup;
			children = (
				733787531E9CE36C00C5C363 /* ToolbarView.swift */,
				73E0F5F11E9FBC40003F8F4D /* ZX48KeyboardView.swift */,
				73E0F5F41E9FBC81003F8F4D /* ZX48KeyboardStyleKit.swift */,
			);
			path = View;
			sourceTree = "<group>";
		};
		7364931F1EA4CE3400EE697F /* Model */ = {
			isa = PBXGroup;
			children = (
				7364932F1EA4CE7200EE697F /* Model.xcdatamodeld */,
				736493381EA54B0D00EE697F /* Database.swift */,
				736493361EA4D02D00EE697F /* FileObject.swift */,
				736493341EA4CEA100EE697F /* Managed.swift */,
			);
			path = Model;
			sourceTree = "<group>";
		};
		7364933E1EA5514200EE697F /* Dependencies */ = {
			isa = PBXGroup;
			children = (
				7364933F1EA5518200EE697F /* DependencyInjection.swift */,
				736493401EA5518200EE697F /* PersistentContainerConsumer.swift */,
			);
			path = Dependencies;
			sourceTree = "<group>";
		};
		737B56A11EA3CE6500A260B9 /* Products */ = {
			isa = PBXGroup;
			children = (
				737B56AB1EA3CE6600A260B9 /* Bond.framework */,
				737B56AD1EA3CE6600A260B9 /* Bond.framework */,
				737B56AF1EA3CE6600A260B9 /* Bond.framework */,
				737B56B11EA3CE6600A260B9 /* BondTests.xctest */,
				737B56B31EA3CE6600A260B9 /* Bond-App.app */,
			);
			name = Products;
			sourceTree = "<group>";
		};
		737B56B61EA3CE6B00A260B9 /* Products */ = {
			isa = PBXGroup;
			children = (
				737B56C11EA3CE6B00A260B9 /* GCDWebServer */,
				737B56C31EA3CE6B00A260B9 /* GCDWebServer.app */,
				737B56C51EA3CE6B00A260B9 /* GCDWebServer.app */,
				737B56C71EA3CE6B00A260B9 /* GCDWebServers.framework */,
				737B56C91EA3CE6B00A260B9 /* GCDWebServers.framework */,
				737B56CB1EA3CE6B00A260B9 /* GCDWebServers.framework */,
				737B56CD1EA3CE6B00A260B9 /* Tests.xctest */,
			);
			name = Products;
			sourceTree = "<group>";
		};
		737B56CF1EA3CE7400A260B9 /* Products */ = {
			isa = PBXGroup;
			children = (
				737B56D61EA3CE7400A260B9 /* SwiftRichString.framework */,
				737B56D81EA3CE7400A260B9 /* SwiftRichString.framework */,
				737B56DA1EA3CE7400A260B9 /* SwiftRichStringTests.xctest */,
				737B56DC1EA3CE7400A260B9 /* DemoApp.app */,
			);
			name = Products;
			sourceTree = "<group>";
		};
		737B56F91EA3F52900A260B9 /* Extensions */ = {
			isa = PBXGroup;
			children = (
				73DA64F71EA613EF008832AA /* FileManager+ZXSpectrum.swift */,
				737B56FC1EA4009900A260B9 /* UIViewController+ZXSpectrum.swift */,
				737B56FE1EA4033B00A260B9 /* UIGestureRecognizer+ZXSpectrum.swift */,
				73DA64F51EA60627008832AA /* UIResponder+ZXSpectrum.swift */,
			);
			path = Extensions;
			sourceTree = "<group>";
		};
		737B57001EA411DA00A260B9 /* Application */ = {
			isa = PBXGroup;
			children = (
				737E93861E87D19D00128149 /* AppDelegate.swift */,
			);
			name = Application;
			sourceTree = "<group>";
		};
		737B57011EA411E400A260B9 /* Emulator */ = {
			isa = PBXGroup;
			children = (
				737E93871E87D19D00128149 /* EmulatorViewController.swift */,
			);
			name = Emulator;
			sourceTree = "<group>";
		};
		737B57021EA411F100A260B9 /* Tapes */ = {
			isa = PBXGroup;
			children = (
				737B57031EA4122A00A260B9 /* FilesViewController.swift */,
				73DA64E91EA55E81008832AA /* FilesViewController+Bond.swift */,
				73DA64ED1EA5611E008832AA /* FileCollectionViewCell.swift */,
			);
			name = Tapes;
			sourceTree = "<group>";
		};
		737E93651E87D10E00128149 = {
			isa = PBXGroup;
			children = (
				737E93701E87D10E00128149 /* ZX Spectrum */,
				737E936F1E87D10E00128149 /* Products */,
			);
			sourceTree = "<group>";
		};
		737E936F1E87D10E00128149 /* Products */ = {
			isa = PBXGroup;
			children = (
				737E936E1E87D10E00128149 /* ZX Spectrum.app */,
			);
			name = Products;
			sourceTree = "<group>";
		};
		737E93701E87D10E00128149 /* ZX Spectrum */ = {
			isa = PBXGroup;
			children = (
				737E93851E87D16400128149 /* Common */,
				73DF22F01E9974BC002FA042 /* Spectrum */,
				737E93831E87D11900128149 /* Controller */,
				7364931F1EA4CE3400EE697F /* Model */,
				733787521E9CE34E00C5C363 /* View */,
				737E93841E87D14400128149 /* Resources */,
			);
			path = "ZX Spectrum";
			sourceTree = "<group>";
		};
		737E93831E87D11900128149 /* Controller */ = {
			isa = PBXGroup;
			children = (
				737B57001EA411DA00A260B9 /* Application */,
				737B57011EA411E400A260B9 /* Emulator */,
				737B57021EA411F100A260B9 /* Tapes */,
			);
			path = Controller;
			sourceTree = "<group>";
		};
		737E93841E87D14400128149 /* Resources */ = {
			isa = PBXGroup;
			children = (
				73DA64D71EA55998008832AA /* Files */,
				73291EB31E96635A00940801 /* ROMS */,
				737E93751E87D10E00128149 /* Main.storyboard */,
				737E937A1E87D10E00128149 /* LaunchScreen.storyboard */,
				737E93781E87D10E00128149 /* Assets.xcassets */,
				737E937D1E87D10E00128149 /* Info.plist */,
			);
			path = Resources;
			sourceTree = "<group>";
		};
		737E93851E87D16400128149 /* Common */ = {
			isa = PBXGroup;
			children = (
				737B56F91EA3F52900A260B9 /* Extensions */,
				737E938E1E87D36300128149 /* Helpers */,
				7364933E1EA5514200EE697F /* Dependencies */,
				737E938B1E87D24200128149 /* Third Party */,
			);
			path = Common;
			sourceTree = "<group>";
		};
		737E938B1E87D24200128149 /* Third Party */ = {
			isa = PBXGroup;
			children = (
				737E99BA1E88401800128149 /* spectrum.xcodeproj */,
				737B56CE1EA3CE7400A260B9 /* SwiftRichString.xcodeproj */,
				737B56B51EA3CE6B00A260B9 /* GCDWebServer.xcodeproj */,
				737B56A01EA3CE6500A260B9 /* Bond.xcodeproj */,
			);
			name = "Third Party";
			sourceTree = "<group>";
		};
		737E938E1E87D36300128149 /* Helpers */ = {
			isa = PBXGroup;
			children = (
				7364933A1EA54B2F00EE697F /* Logger.swift */,
				7364933C1EA54B6E00EE697F /* Functions.swift */,
				73DA64F31EA60485008832AA /* WebServer.swift */,
				73DA64EB1EA56085008832AA /* Configurable.swift */,
				739824831E93DB71005E6B14 /* BridgingHeader.h */,
			);
			path = Helpers;
			sourceTree = "<group>";
		};
		737E99BB1E88401800128149 /* Products */ = {
			isa = PBXGroup;
			children = (
				737E99BF1E88401900128149 /* libspectrum.a */,
			);
			name = Products;
			sourceTree = "<group>";
		};
		73DA64D71EA55998008832AA /* Files */ = {
			isa = PBXGroup;
			children = (
				73DA64E71EA559D3008832AA /* Safari.tzx */,
			);
			name = Files;
			sourceTree = "<group>";
		};
		73DF22F01E9974BC002FA042 /* Spectrum */ = {
			isa = PBXGroup;
			children = (
				73DF22F21E997501002FA042 /* SpectrumScreenView.swift */,
				73DF22F41E997510002FA042 /* SpectrumPalette.swift */,
				7337874D1E9BE43F00C5C363 /* SpectrumDisplayController.h */,
				7337874E1E9BE43F00C5C363 /* SpectrumDisplayController.m */,
				733787551E9CE99300C5C363 /* SpectrumInputController.h */,
				733787561E9CE99300C5C363 /* SpectrumInputController.m */,
			);
			path = Spectrum;
			sourceTree = "<group>";
		};
/* End PBXGroup section */

/* Begin PBXNativeTarget section */
		737E936D1E87D10E00128149 /* ZX Spectrum */ = {
			isa = PBXNativeTarget;
			buildConfigurationList = 737E93801E87D10E00128149 /* Build configuration list for PBXNativeTarget "ZX Spectrum" */;
			buildPhases = (
				737E936A1E87D10E00128149 /* Sources */,
				737E936B1E87D10E00128149 /* Frameworks */,
				737E936C1E87D10E00128149 /* Resources */,
				737B56E11EA3CEA000A260B9 /* Embed Frameworks */,
			);
			buildRules = (
			);
			dependencies = (
				737B56E01EA3CE9F00A260B9 /* PBXTargetDependency */,
				737B56E51EA3CEAB00A260B9 /* PBXTargetDependency */,
				737B56E91EA3CEAB00A260B9 /* PBXTargetDependency */,
			);
			name = "ZX Spectrum";
			productName = "ZX Spectrum";
			productReference = 737E936E1E87D10E00128149 /* ZX Spectrum.app */;
			productType = "com.apple.product-type.application";
		};
/* End PBXNativeTarget section */

/* Begin PBXProject section */
		737E93661E87D10E00128149 /* Project object */ = {
			isa = PBXProject;
			attributes = {
				LastSwiftUpdateCheck = 0820;
				LastUpgradeCheck = 0820;
				ORGANIZATIONNAME = "Gentle Bytes";
				TargetAttributes = {
					737E936D1E87D10E00128149 = {
						CreatedOnToolsVersion = 8.2.1;
						DevelopmentTeam = F7N66E384G;
						LastSwiftMigration = 0820;
						ProvisioningStyle = Automatic;
					};
				};
			};
			buildConfigurationList = 737E93691E87D10E00128149 /* Build configuration list for PBXProject "ZX Spectrum" */;
			compatibilityVersion = "Xcode 3.2";
			developmentRegion = English;
			hasScannedForEncodings = 0;
			knownRegions = (
				en,
				Base,
			);
			mainGroup = 737E93651E87D10E00128149;
			productRefGroup = 737E936F1E87D10E00128149 /* Products */;
			projectDirPath = "";
			projectReferences = (
				{
					ProductGroup = 737B56A11EA3CE6500A260B9 /* Products */;
					ProjectRef = 737B56A01EA3CE6500A260B9 /* Bond.xcodeproj */;
				},
				{
					ProductGroup = 737B56B61EA3CE6B00A260B9 /* Products */;
					ProjectRef = 737B56B51EA3CE6B00A260B9 /* GCDWebServer.xcodeproj */;
				},
				{
					ProductGroup = 737E99BB1E88401800128149 /* Products */;
					ProjectRef = 737E99BA1E88401800128149 /* spectrum.xcodeproj */;
				},
				{
					ProductGroup = 737B56CF1EA3CE7400A260B9 /* Products */;
					ProjectRef = 737B56CE1EA3CE7400A260B9 /* SwiftRichString.xcodeproj */;
				},
			);
			projectRoot = "";
			targets = (
				737E936D1E87D10E00128149 /* ZX Spectrum */,
			);
		};
/* End PBXProject section */

/* Begin PBXReferenceProxy section */
		737B56AB1EA3CE6600A260B9 /* Bond.framework */ = {
			isa = PBXReferenceProxy;
			fileType = wrapper.framework;
			path = Bond.framework;
			remoteRef = 737B56AA1EA3CE6600A260B9 /* PBXContainerItemProxy */;
			sourceTree = BUILT_PRODUCTS_DIR;
		};
		737B56AD1EA3CE6600A260B9 /* Bond.framework */ = {
			isa = PBXReferenceProxy;
			fileType = wrapper.framework;
			path = Bond.framework;
			remoteRef = 737B56AC1EA3CE6600A260B9 /* PBXContainerItemProxy */;
			sourceTree = BUILT_PRODUCTS_DIR;
		};
		737B56AF1EA3CE6600A260B9 /* Bond.framework */ = {
			isa = PBXReferenceProxy;
			fileType = wrapper.framework;
			path = Bond.framework;
			remoteRef = 737B56AE1EA3CE6600A260B9 /* PBXContainerItemProxy */;
			sourceTree = BUILT_PRODUCTS_DIR;
		};
		737B56B11EA3CE6600A260B9 /* BondTests.xctest */ = {
			isa = PBXReferenceProxy;
			fileType = wrapper.cfbundle;
			path = BondTests.xctest;
			remoteRef = 737B56B01EA3CE6600A260B9 /* PBXContainerItemProxy */;
			sourceTree = BUILT_PRODUCTS_DIR;
		};
		737B56B31EA3CE6600A260B9 /* Bond-App.app */ = {
			isa = PBXReferenceProxy;
			fileType = wrapper.application;
			path = "Bond-App.app";
			remoteRef = 737B56B21EA3CE6600A260B9 /* PBXContainerItemProxy */;
			sourceTree = BUILT_PRODUCTS_DIR;
		};
		737B56C11EA3CE6B00A260B9 /* GCDWebServer */ = {
			isa = PBXReferenceProxy;
			fileType = "compiled.mach-o.executable";
			path = GCDWebServer;
			remoteRef = 737B56C01EA3CE6B00A260B9 /* PBXContainerItemProxy */;
			sourceTree = BUILT_PRODUCTS_DIR;
		};
		737B56C31EA3CE6B00A260B9 /* GCDWebServer.app */ = {
			isa = PBXReferenceProxy;
			fileType = wrapper.application;
			path = GCDWebServer.app;
			remoteRef = 737B56C21EA3CE6B00A260B9 /* PBXContainerItemProxy */;
			sourceTree = BUILT_PRODUCTS_DIR;
		};
		737B56C51EA3CE6B00A260B9 /* GCDWebServer.app */ = {
			isa = PBXReferenceProxy;
			fileType = wrapper.application;
			path = GCDWebServer.app;
			remoteRef = 737B56C41EA3CE6B00A260B9 /* PBXContainerItemProxy */;
			sourceTree = BUILT_PRODUCTS_DIR;
		};
		737B56C71EA3CE6B00A260B9 /* GCDWebServers.framework */ = {
			isa = PBXReferenceProxy;
			fileType = wrapper.framework;
			path = GCDWebServers.framework;
			remoteRef = 737B56C61EA3CE6B00A260B9 /* PBXContainerItemProxy */;
			sourceTree = BUILT_PRODUCTS_DIR;
		};
		737B56C91EA3CE6B00A260B9 /* GCDWebServers.framework */ = {
			isa = PBXReferenceProxy;
			fileType = wrapper.framework;
			path = GCDWebServers.framework;
			remoteRef = 737B56C81EA3CE6B00A260B9 /* PBXContainerItemProxy */;
			sourceTree = BUILT_PRODUCTS_DIR;
		};
		737B56CB1EA3CE6B00A260B9 /* GCDWebServers.framework */ = {
			isa = PBXReferenceProxy;
			fileType = wrapper.framework;
			path = GCDWebServers.framework;
			remoteRef = 737B56CA1EA3CE6B00A260B9 /* PBXContainerItemProxy */;
			sourceTree = BUILT_PRODUCTS_DIR;
		};
		737B56CD1EA3CE6B00A260B9 /* Tests.xctest */ = {
			isa = PBXReferenceProxy;
			fileType = wrapper.cfbundle;
			path = Tests.xctest;
			remoteRef = 737B56CC1EA3CE6B00A260B9 /* PBXContainerItemProxy */;
			sourceTree = BUILT_PRODUCTS_DIR;
		};
		737B56D61EA3CE7400A260B9 /* SwiftRichString.framework */ = {
			isa = PBXReferenceProxy;
			fileType = wrapper.framework;
			path = SwiftRichString.framework;
			remoteRef = 737B56D51EA3CE7400A260B9 /* PBXContainerItemProxy */;
			sourceTree = BUILT_PRODUCTS_DIR;
		};
		737B56D81EA3CE7400A260B9 /* SwiftRichString.framework */ = {
			isa = PBXReferenceProxy;
			fileType = wrapper.framework;
			path = SwiftRichString.framework;
			remoteRef = 737B56D71EA3CE7400A260B9 /* PBXContainerItemProxy */;
			sourceTree = BUILT_PRODUCTS_DIR;
		};
		737B56DA1EA3CE7400A260B9 /* SwiftRichStringTests.xctest */ = {
			isa = PBXReferenceProxy;
			fileType = wrapper.cfbundle;
			path = SwiftRichStringTests.xctest;
			remoteRef = 737B56D91EA3CE7400A260B9 /* PBXContainerItemProxy */;
			sourceTree = BUILT_PRODUCTS_DIR;
		};
		737B56DC1EA3CE7400A260B9 /* DemoApp.app */ = {
			isa = PBXReferenceProxy;
			fileType = wrapper.application;
			path = DemoApp.app;
			remoteRef = 737B56DB1EA3CE7400A260B9 /* PBXContainerItemProxy */;
			sourceTree = BUILT_PRODUCTS_DIR;
		};
		737E99BF1E88401900128149 /* libspectrum.a */ = {
			isa = PBXReferenceProxy;
			fileType = archive.ar;
			path = libspectrum.a;
			remoteRef = 737E99BE1E88401900128149 /* PBXContainerItemProxy */;
			sourceTree = BUILT_PRODUCTS_DIR;
		};
/* End PBXReferenceProxy section */

/* Begin PBXResourcesBuildPhase section */
		737E936C1E87D10E00128149 /* Resources */ = {
			isa = PBXResourcesBuildPhase;
			buildActionMask = 2147483647;
			files = (
				73291ED41E96637100940801 /* plus3e-1.rom in Resources */,
				73291ED91E96637100940801 /* se-0.rom in Resources */,
				73291ED51E96637100940801 /* plus3e-2.rom in Resources */,
				73291ECD1E96637100940801 /* plus2-0.rom in Resources */,
				73291ECE1E96637100940801 /* plus2-1.rom in Resources */,
				737E93791E87D10E00128149 /* Assets.xcassets in Resources */,
				73291EDA1E96637100940801 /* se-1.rom in Resources */,
				73291ED11E96637100940801 /* plus3-2.rom in Resources */,
				73291ED81E96637100940801 /* disciple.rom in Resources */,
				73291EDB1E96637100940801 /* speccyboot-1.4.rom in Resources */,
				73291EDC1E96637100940801 /* tc2048.rom in Resources */,
				73291ED01E96637100940801 /* plus3-1.rom in Resources */,
				73291ED31E96637100940801 /* plus3e-0.rom in Resources */,
				73291ECF1E96637100940801 /* plus3-0.rom in Resources */,
				73291ECB1E96637100940801 /* 128-0.rom in Resources */,
				73291ECC1E96637100940801 /* 128-1.rom in Resources */,
				73291ED61E96637100940801 /* plus3e-3.rom in Resources */,
				73291ED21E96637100940801 /* plus3-3.rom in Resources */,
				73291EDD1E96637100940801 /* tc2068-0.rom in Resources */,
				73291ED71E96637100940801 /* plusd.rom in Resources */,
				73DA64E81EA559D3008832AA /* Safari.tzx in Resources */,
				737E93771E87D10E00128149 /* Main.storyboard in Resources */,
				73291EDE1E96637100940801 /* tc2068-1.rom in Resources */,
				73291ECA1E96637100940801 /* 48.rom in Resources */,
			);
			runOnlyForDeploymentPostprocessing = 0;
		};
/* End PBXResourcesBuildPhase section */

/* Begin PBXSourcesBuildPhase section */
		737E936A1E87D10E00128149 /* Sources */ = {
			isa = PBXSourcesBuildPhase;
			buildActionMask = 2147483647;
			files = (
				73E0F5F21E9FBC40003F8F4D /* ZX48KeyboardView.swift in Sources */,
				737B56FF1EA4033B00A260B9 /* UIGestureRecognizer+ZXSpectrum.swift in Sources */,
				737E93891E87D19D00128149 /* EmulatorViewController.swift in Sources */,
				736493411EA5518200EE697F /* DependencyInjection.swift in Sources */,
				73E0F5F51E9FBC81003F8F4D /* ZX48KeyboardStyleKit.swift in Sources */,
				737B57041EA4122A00A260B9 /* FilesViewController.swift in Sources */,
				733787571E9CE99300C5C363 /* SpectrumInputController.m in Sources */,
				737B56FD1EA4009900A260B9 /* UIViewController+ZXSpectrum.swift in Sources */,
				7337874F1E9BE43F00C5C363 /* SpectrumDisplayController.m in Sources */,
				7364933B1EA54B2F00EE697F /* Logger.swift in Sources */,
				73DA64F81EA613EF008832AA /* FileManager+ZXSpectrum.swift in Sources */,
				733787541E9CE36C00C5C363 /* ToolbarView.swift in Sources */,
				736493371EA4D02D00EE697F /* FileObject.swift in Sources */,
				7364933D1EA54B6E00EE697F /* Functions.swift in Sources */,
				737E93881E87D19D00128149 /* AppDelegate.swift in Sources */,
				73DF22F51E997510002FA042 /* SpectrumPalette.swift in Sources */,
				736493351EA4CEA100EE697F /* Managed.swift in Sources */,
				73DA64EC1EA56085008832AA /* Configurable.swift in Sources */,
				736493421EA5518200EE697F /* PersistentContainerConsumer.swift in Sources */,
				73DA64EE1EA5611E008832AA /* FileCollectionViewCell.swift in Sources */,
				736493311EA4CE7200EE697F /* Model.xcdatamodeld in Sources */,
				73DA64F61EA60627008832AA /* UIResponder+ZXSpectrum.swift in Sources */,
				736493391EA54B0D00EE697F /* Database.swift in Sources */,
				73DF22F31E997501002FA042 /* SpectrumScreenView.swift in Sources */,
				73DA64EA1EA55E81008832AA /* FilesViewController+Bond.swift in Sources */,
				73DA64F41EA60485008832AA /* WebServer.swift in Sources */,
			);
			runOnlyForDeploymentPostprocessing = 0;
		};
/* End PBXSourcesBuildPhase section */

/* Begin PBXTargetDependency section */
		737B56E01EA3CE9F00A260B9 /* PBXTargetDependency */ = {
			isa = PBXTargetDependency;
			name = SwiftRichString;
			targetProxy = 737B56DF1EA3CE9F00A260B9 /* PBXContainerItemProxy */;
		};
		737B56E51EA3CEAB00A260B9 /* PBXTargetDependency */ = {
			isa = PBXTargetDependency;
			name = "GCDWebServers (Mac)";
			targetProxy = 737B56E41EA3CEAB00A260B9 /* PBXContainerItemProxy */;
		};
		737B56E91EA3CEAB00A260B9 /* PBXTargetDependency */ = {
			isa = PBXTargetDependency;
			name = "Bond-iOS";
			targetProxy = 737B56E81EA3CEAB00A260B9 /* PBXContainerItemProxy */;
		};
/* End PBXTargetDependency section */

/* Begin PBXVariantGroup section */
		737E93751E87D10E00128149 /* Main.storyboard */ = {
			isa = PBXVariantGroup;
			children = (
				737E93761E87D10E00128149 /* Base */,
			);
			name = Main.storyboard;
			path = ..;
			sourceTree = "<group>";
		};
		737E937A1E87D10E00128149 /* LaunchScreen.storyboard */ = {
			isa = PBXVariantGroup;
			children = (
				737E937B1E87D10E00128149 /* Base */,
			);
			name = LaunchScreen.storyboard;
			path = ..;
			sourceTree = "<group>";
		};
/* End PBXVariantGroup section */

/* Begin XCBuildConfiguration section */
		737E937E1E87D10E00128149 /* Debug */ = {
			isa = XCBuildConfiguration;
			buildSettings = {
				ALWAYS_SEARCH_USER_PATHS = NO;
				CLANG_ANALYZER_NONNULL = YES;
				CLANG_CXX_LANGUAGE_STANDARD = "gnu++0x";
				CLANG_CXX_LIBRARY = "libc++";
				CLANG_ENABLE_MODULES = YES;
				CLANG_ENABLE_OBJC_ARC = YES;
				CLANG_WARN_BOOL_CONVERSION = YES;
				CLANG_WARN_CONSTANT_CONVERSION = YES;
				CLANG_WARN_DIRECT_OBJC_ISA_USAGE = YES_ERROR;
				CLANG_WARN_DOCUMENTATION_COMMENTS = YES;
				CLANG_WARN_EMPTY_BODY = YES;
				CLANG_WARN_ENUM_CONVERSION = YES;
				CLANG_WARN_INFINITE_RECURSION = YES;
				CLANG_WARN_INT_CONVERSION = YES;
				CLANG_WARN_OBJC_ROOT_CLASS = YES_ERROR;
				CLANG_WARN_SUSPICIOUS_MOVE = YES;
				CLANG_WARN_UNREACHABLE_CODE = YES;
				CLANG_WARN__DUPLICATE_METHOD_MATCH = YES;
				"CODE_SIGN_IDENTITY[sdk=iphoneos*]" = "iPhone Developer";
				COPY_PHASE_STRIP = NO;
				DEBUG_INFORMATION_FORMAT = dwarf;
				ENABLE_STRICT_OBJC_MSGSEND = YES;
				ENABLE_TESTABILITY = YES;
				GCC_C_LANGUAGE_STANDARD = gnu99;
				GCC_DYNAMIC_NO_PIC = NO;
				GCC_NO_COMMON_BLOCKS = YES;
				GCC_OPTIMIZATION_LEVEL = 0;
				GCC_PRECOMPILE_PREFIX_HEADER = NO;
				GCC_PREFIX_HEADER = "";
				GCC_PREPROCESSOR_DEFINITIONS = (
					"DEBUG=1",
					"$(inherited)",
				);
				GCC_WARN_64_TO_32_BIT_CONVERSION = YES;
				GCC_WARN_ABOUT_RETURN_TYPE = YES_ERROR;
				GCC_WARN_UNDECLARED_SELECTOR = YES;
				GCC_WARN_UNINITIALIZED_AUTOS = YES_AGGRESSIVE;
				GCC_WARN_UNUSED_FUNCTION = YES;
				GCC_WARN_UNUSED_VARIABLE = YES;
				HEADER_SEARCH_PATHS = "";
				IPHONEOS_DEPLOYMENT_TARGET = 10.2;
				MTL_ENABLE_DEBUG_INFO = YES;
				ONLY_ACTIVE_ARCH = YES;
				SDKROOT = iphoneos;
				SWIFT_ACTIVE_COMPILATION_CONDITIONS = DEBUG;
				SWIFT_OPTIMIZATION_LEVEL = "-Onone";
				TARGETED_DEVICE_FAMILY = "1,2";
			};
			name = Debug;
		};
		737E937F1E87D10E00128149 /* Release */ = {
			isa = XCBuildConfiguration;
			buildSettings = {
				ALWAYS_SEARCH_USER_PATHS = NO;
				CLANG_ANALYZER_NONNULL = YES;
				CLANG_CXX_LANGUAGE_STANDARD = "gnu++0x";
				CLANG_CXX_LIBRARY = "libc++";
				CLANG_ENABLE_MODULES = YES;
				CLANG_ENABLE_OBJC_ARC = YES;
				CLANG_WARN_BOOL_CONVERSION = YES;
				CLANG_WARN_CONSTANT_CONVERSION = YES;
				CLANG_WARN_DIRECT_OBJC_ISA_USAGE = YES_ERROR;
				CLANG_WARN_DOCUMENTATION_COMMENTS = YES;
				CLANG_WARN_EMPTY_BODY = YES;
				CLANG_WARN_ENUM_CONVERSION = YES;
				CLANG_WARN_INFINITE_RECURSION = YES;
				CLANG_WARN_INT_CONVERSION = YES;
				CLANG_WARN_OBJC_ROOT_CLASS = YES_ERROR;
				CLANG_WARN_SUSPICIOUS_MOVE = YES;
				CLANG_WARN_UNREACHABLE_CODE = YES;
				CLANG_WARN__DUPLICATE_METHOD_MATCH = YES;
				"CODE_SIGN_IDENTITY[sdk=iphoneos*]" = "iPhone Developer";
				COPY_PHASE_STRIP = NO;
				DEBUG_INFORMATION_FORMAT = "dwarf-with-dsym";
				ENABLE_NS_ASSERTIONS = NO;
				ENABLE_STRICT_OBJC_MSGSEND = YES;
				GCC_C_LANGUAGE_STANDARD = gnu99;
				GCC_NO_COMMON_BLOCKS = YES;
				GCC_PRECOMPILE_PREFIX_HEADER = NO;
				GCC_PREFIX_HEADER = "";
				GCC_WARN_64_TO_32_BIT_CONVERSION = YES;
				GCC_WARN_ABOUT_RETURN_TYPE = YES_ERROR;
				GCC_WARN_UNDECLARED_SELECTOR = YES;
				GCC_WARN_UNINITIALIZED_AUTOS = YES_AGGRESSIVE;
				GCC_WARN_UNUSED_FUNCTION = YES;
				GCC_WARN_UNUSED_VARIABLE = YES;
				HEADER_SEARCH_PATHS = "";
				IPHONEOS_DEPLOYMENT_TARGET = 10.2;
				MTL_ENABLE_DEBUG_INFO = NO;
				SDKROOT = iphoneos;
				SWIFT_OPTIMIZATION_LEVEL = "-Owholemodule";
				TARGETED_DEVICE_FAMILY = "1,2";
				VALIDATE_PRODUCT = YES;
			};
			name = Release;
		};
		737E93811E87D10E00128149 /* Debug */ = {
			isa = XCBuildConfiguration;
			buildSettings = {
				ALWAYS_EMBED_SWIFT_STANDARD_LIBRARIES = YES;
				ASSETCATALOG_COMPILER_APPICON_NAME = AppIcon;
				CLANG_ENABLE_MODULES = YES;
				DEVELOPMENT_TEAM = F7N66E384G;
				HEADER_SEARCH_PATHS = "\"${PROJECT_DIR}/ZX Spectrum/Common/spectrum/spectrum\"/**";
				INFOPLIST_FILE = "ZX Spectrum/Info.plist";
				LD_RUNPATH_SEARCH_PATHS = "$(inherited) @executable_path/Frameworks";
				OTHER_LDFLAGS = (
					"-lbz2",
					"-lz",
				);
				PRODUCT_BUNDLE_IDENTIFIER = com.gentlebytes.ZXSpectrum;
				PRODUCT_NAME = "$(TARGET_NAME)";
				SWIFT_OBJC_BRIDGING_HEADER = "ZX Spectrum/Common/BridgingHeader.h";
				SWIFT_OPTIMIZATION_LEVEL = "-Onone";
				SWIFT_VERSION = 3.0;
			};
			name = Debug;
		};
		737E93821E87D10E00128149 /* Release */ = {
			isa = XCBuildConfiguration;
			buildSettings = {
				ALWAYS_EMBED_SWIFT_STANDARD_LIBRARIES = YES;
				ASSETCATALOG_COMPILER_APPICON_NAME = AppIcon;
				CLANG_ENABLE_MODULES = YES;
				DEVELOPMENT_TEAM = F7N66E384G;
				HEADER_SEARCH_PATHS = "\"${PROJECT_DIR}/ZX Spectrum/Common/spectrum/spectrum\"/**";
				INFOPLIST_FILE = "ZX Spectrum/Info.plist";
				LD_RUNPATH_SEARCH_PATHS = "$(inherited) @executable_path/Frameworks";
				OTHER_LDFLAGS = (
					"-lbz2",
					"-lz",
				);
				PRODUCT_BUNDLE_IDENTIFIER = com.gentlebytes.ZXSpectrum;
				PRODUCT_NAME = "$(TARGET_NAME)";
				SWIFT_OBJC_BRIDGING_HEADER = "ZX Spectrum/Common/BridgingHeader.h";
				SWIFT_VERSION = 3.0;
			};
			name = Release;
		};
/* End XCBuildConfiguration section */

/* Begin XCConfigurationList section */
		737E93691E87D10E00128149 /* Build configuration list for PBXProject "ZX Spectrum" */ = {
			isa = XCConfigurationList;
			buildConfigurations = (
				737E937E1E87D10E00128149 /* Debug */,
				737E937F1E87D10E00128149 /* Release */,
			);
			defaultConfigurationIsVisible = 0;
			defaultConfigurationName = Release;
		};
		737E93801E87D10E00128149 /* Build configuration list for PBXNativeTarget "ZX Spectrum" */ = {
			isa = XCConfigurationList;
			buildConfigurations = (
				737E93811E87D10E00128149 /* Debug */,
				737E93821E87D10E00128149 /* Release */,
			);
			defaultConfigurationIsVisible = 0;
			defaultConfigurationName = Release;
		};
/* End XCConfigurationList section */

/* Begin XCVersionGroup section */
		7364932F1EA4CE7200EE697F /* Model.xcdatamodeld */ = {
			isa = XCVersionGroup;
			children = (
				736493301EA4CE7200EE697F /* Model.xcdatamodel */,
			);
			currentVersion = 736493301EA4CE7200EE697F /* Model.xcdatamodel */;
			path = Model.xcdatamodeld;
			sourceTree = "<group>";
			versionGroupType = wrapper.xcdatamodel;
		};
/* End XCVersionGroup section */
	};
	rootObject = 737E93661E87D10E00128149 /* Project object */;
}
